Microsoft Visual Studio Solution File, Format Version 11.00
# Visual Studio 2017

Project("{8BC9CEB8-8B4A-11D0-8D11-00A0C91BC942}") = "PianoRoller - Standalone Plugin", "PianoRoller_StandalonePlugin.vcxproj", "{68A17295-422B-B80E-F79D-3F7027A3D4E1}"
	ProjectSection(ProjectDependencies) = postProject
		{415C9563-9268-C605-D606-5E6CA0639AD8} = {415C9563-9268-C605-D606-5E6CA0639AD8}
	EndProjectSection
EndProject
Project("{8BC9CEB8-8B4A-11D0-8D11-00A0C91BC942}") = "PianoRoller - VST", "PianoRoller_VST.vcxproj", "{E498CB35-A69F-7815-E6CB-48AF8271F6F9}"
	ProjectSection(ProjectDependencies) = postProject
		{415C9563-9268-C605-D606-5E6CA0639AD8} = {415C9563-9268-C605-D606-5E6CA0639AD8}
	EndProjectSection
EndProject
Project("{8BC9CEB8-8B4A-11D0-8D11-00A0C91BC942}") = "PianoRoller - VST3", "PianoRoller_VST3.vcxproj", "{3175C4BA-80F4-ADCD-C75B-4DE0BBC032EB}"
	ProjectSection(ProjectDependencies) = postProject
		{415C9563-9268-C605-D606-5E6CA0639AD8} = {415C9563-9268-C605-D606-5E6CA0639AD8}
	EndProjectSection
EndProject
Project("{8BC9CEB8-8B4A-11D0-8D11-00A0C91BC942}") = "PianoRoller - Shared Code", "PianoRoller_SharedCode.vcxproj", "{415C9563-9268-C605-D606-5E6CA0639AD8}"
EndProject
Global
	GlobalSection(SolutionConfigurationPlatforms) = preSolution
		Debug|x64 = Debug|x64
		Release|x64 = Release|x64
	EndGlobalSection
	GlobalSection(ProjectConfigurationPlatforms) = postSolution
		{E498CB35-A69F-7815-E6CB-48AF8271F6F9}.Debug|x64.ActiveCfg = Debug|x64
		{E498CB35-A69F-7815-E6CB-48AF8271F6F9}.Debug|x64.Build.0 = Debug|x64
		{E498CB35-A69F-7815-E6CB-48AF8271F6F9}.Release|x64.ActiveCfg = Release|x64
		{E498CB35-A69F-7815-E6CB-48AF8271F6F9}.Release|x64.Build.0 = Release|x64
		{3175C4BA-80F4-ADCD-C75B-4DE0BBC032EB}.Debug|x64.ActiveCfg = Debug|x64
		{3175C4BA-80F4-ADCD-C75B-4DE0BBC032EB}.Debug|x64.Build.0 = Debug|x64
		{3175C4BA-80F4-ADCD-C75B-4DE0BBC032EB}.Release|x64.ActiveCfg = Release|x64
		{3175C4BA-80F4-ADCD-C75B-4DE0BBC032EB}.Release|x64.Build.0 = Release|x64
		{68A17295-422B-B80E-F79D-3F7027A3D4E1}.Debug|x64.ActiveCfg = Debug|x64
		{68A17295-422B-B80E-F79D-3F7027A3D4E1}.Debug|x64.Build.0 = Debug|x64
		{68A17295-422B-B80E-F79D-3F7027A3D4E1}.Release|x64.ActiveCfg = Release|x64
		{68A17295-422B-B80E-F79D-3F7027A3D4E1}.Release|x64.Build.0 = Release|x64
		{415C9563-9268-C605-D606-5E6CA0639AD8}.Debug|x64.ActiveCfg = Debug|x64
		{415C9563-9268-C605-D606-5E6CA0639AD8}.Debug|x64.Build.0 = Debug|x64
		{415C9563-9268-C605-D606-5E6CA0639AD8}.Release|x64.ActiveCfg = Release|x64
		{415C9563-9268-C605-D606-5E6CA0639AD8}.Release|x64.Build.0 = Release|x64
	EndGlobalSection
	GlobalSection(SolutionProperties) = preSolution
		HideSolutionNode = FALSE
	EndGlobalSection
EndGlobal
