// !$*UTF8*$!
{
	archiveVersion = 1;
	classes = {
	};
	objectVersion = 46;
	objects = {

		AFA4588EE3B9B5FBA154360C = {isa = PBXBuildFile; fileRef = 3CBBF48AAA0D7FCE623D9039; };
		9A128463081B6538540ED792 = {isa = PBXBuildFile; fileRef = 30B88934A8FE8CC94866EB15; };
		139B18DC25D5F3B23110C72E = {isa = PBXBuildFile; fileRef = AA1A43F522DD3C5CD7CCB03F; };
		0CD1C0BF5436B813B0B08452 = {isa = PBXBuildFile; fileRef = 8AAF8267E0EA7FB138771AAE; };
		48947E7956EFB6A27585AF3E = {isa = PBXBuildFile; fileRef = 9CB8A3A9E179ADC71C796590; };
		C8C6572C88B0AD31E84D7DAA = {isa = PBXBuildFile; fileRef = 3A9369E6E38381CE0443CAD3; };
		8ED1608F0A48DCD45A11C8B4 = {isa = PBXBuildFile; fileRef = F33A53F88E4B89CB09F29FF8; };
		573723B9A857848AC1623260 = {isa = PBXBuildFile; fileRef = 2B49AAE8E619C3FBAF0B39E3; };
		E09279FF77CCBE5872313C46 = {isa = PBXBuildFile; fileRef = D97CB81AC0F6BB7F4FAE2162; };
		7A7030857B1E87A67CB4E9E5 = {isa = PBXBuildFile; fileRef = 4DC770A857BBEFBAB9DACC01; };
		78AB8D36E97F203EDA000CFC = {isa = PBXBuildFile; fileRef = 5A88825D84E828D4837FAF9A; };
		E88A2A3848302525105D8FCB = {isa = PBXBuildFile; fileRef = 482EB12EDB5ADF7C2C59E1A0; };
		1B1A571969B1C4B3D7231C82 = {isa = PBXBuildFile; fileRef = 75A1C08E60EF21EB4543E0D1; };
		9269D82953207F1FCDE2BC5A = {isa = PBXBuildFile; fileRef = 976FE122A379864292FD7A5B; };
		55192A41B1F988FD65C2C2FA = {isa = PBXBuildFile; fileRef = E57749115AB4677F832273D3; };
		A8872A35FAFD3D4977FE65C5 = {isa = PBXBuildFile; fileRef = 72E4C43DD95A73C205C17667; };
		F42797C413EFDA2BCCF26AC7 = {isa = PBXBuildFile; fileRef = 480721D1807FAFEFB6D83C71; };
		BECB238DFE941415029E42FA = {isa = PBXBuildFile; fileRef = 269B4E45C06EEE47F0D7B4FC; };
		AEC199DE06BDD8AE0F0B1D43 = {isa = PBXBuildFile; fileRef = 6C134AAECF96A5B81EA4F72F; };
		5DD841220DD26190505A4973 = {isa = PBXBuildFile; fileRef = B3EA09C923479F8BFAEFAA28; };
		67AD6A13FC6B5C989EEC636D = {isa = PBXBuildFile; fileRef = D768E05BB97950DA575B80B2; };
		47E53305C3590C4A1D7A3882 = {isa = PBXBuildFile; fileRef = 52EF27A0FF47E6AEC94B893C; };
		6D78A725E6B91D280E4CA212 = {isa = PBXBuildFile; fileRef = FE1B1050285CC7DD9A24CDCB; };
		620E3A224E4EEE256131CC00 = {isa = PBXBuildFile; fileRef = 226DC750832F51D49B31A4E2; };
		5DD22F3FFED15F2E2C7DA1E1 = {isa = PBXBuildFile; fileRef = BDF852A5B5DDCFC1A4448117; };
		80040C34D038BE45595669A8 = {isa = PBXBuildFile; fileRef = 6B1EB0E4F306FC85139DFDB6; };
		981B586203AA9A8B7ADA2A00 = {isa = PBXBuildFile; fileRef = 100F4E3A14D76D0F068DF13F; };
		73C43F05AB452301244031DD = {isa = PBXBuildFile; fileRef = F2F21E845545815ABD09CF09; };
		A4A420D846FE437EB6303F7E = {isa = PBXBuildFile; fileRef = B7E3005F51216C11FF3893FD; };
		6E9A8ED949E5563E06A825D2 = {isa = PBXBuildFile; fileRef = C27CC8F7094C4579C3D6E6CC; };
		F9C54D3C465D716337F31DBF = {isa = PBXBuildFile; fileRef = 5A71C31769FF6D83AB0E314B; };
		8F49562E36AFA026EFC6B410 = {isa = PBXBuildFile; fileRef = 407185B9F4D29CB3BFAA59D8; };
		DAF835B7843387170B545389 = {isa = PBXBuildFile; fileRef = 54A1348DB9002E42DE80AC2F; };
		AF263CB6A0E7D12B7009341E = {isa = PBXBuildFile; fileRef = ECCBBBFBC7ED498E5BCE2B61; };
		D86622C6CD63BFB203F49CCD = {isa = PBXBuildFile; fileRef = 58FF8EE384408A6194BB87DD; };
		FF589BF9C7F967A1DFC9FCB0 = {isa = PBXBuildFile; fileRef = 4EE1D9306F50F809C0AA1281; };
		3905103F04DAFE4C5E04735B = {isa = PBXBuildFile; fileRef = B48856C6B3253822E4561A6D; };
		75280E5A8DE6BE83E5E85E9C = {isa = PBXBuildFile; fileRef = 8E3C1BB4A7C9D5EFFBCDD28A; };
		201CC6397729D4CFFE7DB7F1 = {isa = PBXBuildFile; fileRef = 420D2789DDA5F070C36FB074; };
		95374F0D3B350324F83339EC = {isa = PBXBuildFile; fileRef = 84DAE9B57F6D12DEED8BBBCE; };
		5674061E51B4F4E1AD568143 = {isa = PBXBuildFile; fileRef = 550A073CF801DC95A74AF83E; };
		DF62CC7E0D5240EC5E0EF62B = {isa = PBXBuildFile; fileRef = 4017D52FDC6B4B1110BF39D2; };
		A0F15B4B1CC73520904EF224 = {isa = PBXBuildFile; fileRef = F3C75F8287F2586E889595C7; };
		061485F2E157E9E622BB5ABF = {isa = PBXFileReference; lastKnownFileType = file; name = "juce_audio_utils"; path = "../../../../../../../Library/JUCE/modules/juce_audio_utils"; sourceTree = "SOURCE_ROOT"; };
		0A8124B66AADC9AA40D4E3F0 = {isa = PBXFileReference; lastKnownFileType = sourcecode.c.h; name = VolumePanel.h; path = ../../Source/VolumePanel.h; sourceTree = "SOURCE_ROOT"; };
		0DAE3BB21DEA9470FB71C5E7 = {isa = PBXFileReference; lastKnownFileType = file; name = "juce_audio_formats"; path = "../../../../../../../Library/JUCE/modules/juce_audio_formats"; sourceTree = "SOURCE_ROOT"; };
		100F4E3A14D76D0F068DF13F = {isa = PBXFileReference; lastKnownFileType = sourcecode.cpp.objcpp; name = "include_juce_audio_formats.mm"; path = "../../JuceLibraryCode/include_juce_audio_formats.mm"; sourceTree = "SOURCE_ROOT"; };
		1677C421A1E30245BAAE3FCD = {isa = PBXFileReference; lastKnownFileType = file; name = "juce_events"; path = "../../../../../../../Library/JUCE/modules/juce_events"; sourceTree = "SOURCE_ROOT"; };
		19CB838EDC85C09B36EACA5E = {isa = PBXFileReference; lastKnownFileType = file; name = "juce_graphics"; path = "../../../../../../../Library/JUCE/modules/juce_graphics"; sourceTree = "SOURCE_ROOT"; };
		1EFD6F472F18E4B54D868DF7 = {isa = PBXFileReference; lastKnownFileType = file; name = "juce_gui_extra"; path = "../../../../../../../Library/JUCE/modules/juce_gui_extra"; sourceTree = "SOURCE_ROOT"; };
		226DC750832F51D49B31A4E2 = {isa = PBXFileReference; lastKnownFileType = sourcecode.cpp.cpp; name = Setup.cpp; path = ../../Source/Setup.cpp; sourceTree = "SOURCE_ROOT"; };
		269B4E45C06EEE47F0D7B4FC = {isa = PBXFileReference; lastKnownFileType = file.nib; name = RecentFilesMenuTemplate.nib; path = RecentFilesMenuTemplate.nib; sourceTree = "SOURCE_ROOT"; };
		27BB3768D80EECDD883EC6D9 = {isa = PBXFileReference; lastKnownFileType = file; name = "juce_gui_basics"; path = "../../../../../../../Library/JUCE/modules/juce_gui_basics"; sourceTree = "SOURCE_ROOT"; };
		2B49AAE8E619C3FBAF0B39E3 = {isa = PBXFileReference; lastKnownFileType = wrapper.framework; name = Carbon.framework; path = System/Library/Frameworks/Carbon.framework; sourceTree = SDKROOT; };
		2E2333AAC756300B37C8068E = {isa = PBXFileReference; lastKnownFileType = sourcecode.c.h; name = Document.h; path = ../../Source/Document.h; sourceTree = "SOURCE_ROOT"; };
		3305FC5C0B6AB873164C25F3 = {isa = PBXFileReference; lastKnownFileType = text.plist.xml; name = PianoRoller5.entitlements; path = PianoRoller5.entitlements; sourceTree = "SOURCE_ROOT"; };
		3CBBF48AAA0D7FCE623D9039 = {isa = PBXFileReference; explicitFileType = wrapper.cfbundle; includeInIndex = 0; path = PianoRoller5.vst; sourceTree = "BUILT_PRODUCTS_DIR"; };
		30B88934A8FE8CC94866EB15 = {isa = PBXFileReference; explicitFileType = wrapper.application; includeInIndex = 0; path = PianoRoller5.app; sourceTree = "BUILT_PRODUCTS_DIR"; };
		3A9369E6E38381CE0443CAD3 = {isa = PBXFileReference; lastKnownFileType = wrapper.framework; name = AVFoundation.framework; path = System/Library/Frameworks/AVFoundation.framework; sourceTree = SDKROOT; };
		3CAEE889C72C01A0DE431C7F = {isa = PBXFileReference; lastKnownFileType = file; name = "juce_data_structures"; path = "../../../../../../../Library/JUCE/modules/juce_data_structures"; sourceTree = "SOURCE_ROOT"; };
		4017D52FDC6B4B1110BF39D2 = {isa = PBXFileReference; lastKnownFileType = sourcecode.cpp.cpp; name = "include_juce_osc.cpp"; path = "../../JuceLibraryCode/include_juce_osc.cpp"; sourceTree = "SOURCE_ROOT"; };
		407185B9F4D29CB3BFAA59D8 = {isa = PBXFileReference; lastKnownFileType = sourcecode.cpp.objcpp; name = "include_juce_audio_processors.mm"; path = "../../JuceLibraryCode/include_juce_audio_processors.mm"; sourceTree = "SOURCE_ROOT"; };
		420D2789DDA5F070C36FB074 = {isa = PBXFileReference; lastKnownFileType = sourcecode.cpp.objcpp; name = "include_juce_gui_basics.mm"; path = "../../JuceLibraryCode/include_juce_gui_basics.mm"; sourceTree = "SOURCE_ROOT"; };
		4254BAD4F475120E6B3C51B9 = {isa = PBXFileReference; lastKnownFileType = sourcecode.c.h; name = AppConfig.h; path = ../../JuceLibraryCode/AppConfig.h; sourceTree = "SOURCE_ROOT"; };
		474EF348643D8BCD797E4987 = {isa = PBXFileReference; lastKnownFileType = sourcecode.c.h; name = Setup.h; path = ../../Source/Setup.h; sourceTree = "SOURCE_ROOT"; };
		480721D1807FAFEFB6D83C71 = {isa = PBXFileReference; lastKnownFileType = wrapper.framework; name = WebKit.framework; path = System/Library/Frameworks/WebKit.framework; sourceTree = SDKROOT; };
		482EB12EDB5ADF7C2C59E1A0 = {isa = PBXFileReference; lastKnownFileType = wrapper.framework; name = CoreMIDI.framework; path = System/Library/Frameworks/CoreMIDI.framework; sourceTree = SDKROOT; };
		4B08E3EC44A935B42A5DEC1B = {isa = PBXFileReference; lastKnownFileType = file; name = "juce_audio_basics"; path = "../../../../../../../Library/JUCE/modules/juce_audio_basics"; sourceTree = "SOURCE_ROOT"; };
		4DC770A857BBEFBAB9DACC01 = {isa = PBXFileReference; lastKnownFileType = wrapper.framework; name = CoreAudio.framework; path = System/Library/Frameworks/CoreAudio.framework; sourceTree = SDKROOT; };
		4EE1D9306F50F809C0AA1281 = {isa = PBXFileReference; lastKnownFileType = sourcecode.cpp.objcpp; name = "include_juce_data_structures.mm"; path = "../../JuceLibraryCode/include_juce_data_structures.mm"; sourceTree = "SOURCE_ROOT"; };
		52EF27A0FF47E6AEC94B893C = {isa = PBXFileReference; lastKnownFileType = sourcecode.cpp.cpp; name = PlayCursorWindow.cpp; path = ../../Source/PlayCursorWindow.cpp; sourceTree = "SOURCE_ROOT"; };
		54A1348DB9002E42DE80AC2F = {isa = PBXFileReference; lastKnownFileType = sourcecode.cpp.objcpp; name = "include_juce_audio_utils.mm"; path = "../../JuceLibraryCode/include_juce_audio_utils.mm"; sourceTree = "SOURCE_ROOT"; };
		550A073CF801DC95A74AF83E = {isa = PBXFileReference; lastKnownFileType = sourcecode.cpp.objcpp; name = "include_juce_opengl.mm"; path = "../../JuceLibraryCode/include_juce_opengl.mm"; sourceTree = "SOURCE_ROOT"; };
		58FF8EE384408A6194BB87DD = {isa = PBXFileReference; lastKnownFileType = sourcecode.cpp.objcpp; name = "include_juce_cryptography.mm"; path = "../../JuceLibraryCode/include_juce_cryptography.mm"; sourceTree = "SOURCE_ROOT"; };
		5A4E40D601C558F8454824F1 = {isa = PBXFileReference; lastKnownFileType = text.plist.xml; name = "Info-Standalone_Plugin.plist"; path = "Info-Standalone_Plugin.plist"; sourceTree = "SOURCE_ROOT"; };
		5A71C31769FF6D83AB0E314B = {isa = PBXFileReference; lastKnownFileType = sourcecode.cpp.cpp; name = "include_juce_audio_plugin_client_VST2.cpp"; path = "../../JuceLibraryCode/include_juce_audio_plugin_client_VST2.cpp"; sourceTree = "SOURCE_ROOT"; };
		5A88825D84E828D4837FAF9A = {isa = PBXFileReference; lastKnownFileType = wrapper.framework; name = CoreMedia.framework; path = System/Library/Frameworks/CoreMedia.framework; sourceTree = SDKROOT; };
		5D61503CCBDEF676D956C5B3 = {isa = PBXFileReference; lastKnownFileType = file; name = "juce_core"; path = "../../../../../../../Library/JUCE/modules/juce_core"; sourceTree = "SOURCE_ROOT"; };
		6A2D821E008757585C3AC3E4 = {isa = PBXFileReference; lastKnownFileType = sourcecode.c.h; name = PianoRoll.h; path = ../../Source/PianoRoll.h; sourceTree = "SOURCE_ROOT"; };
		6B1EB0E4F306FC85139DFDB6 = {isa = PBXFileReference; lastKnownFileType = sourcecode.cpp.objcpp; name = "include_juce_audio_devices.mm"; path = "../../JuceLibraryCode/include_juce_audio_devices.mm"; sourceTree = "SOURCE_ROOT"; };
		6C134AAECF96A5B81EA4F72F = {isa = PBXFileReference; lastKnownFileType = sourcecode.cpp.cpp; name = PluginProcessor.cpp; path = ../../Source/PluginProcessor.cpp; sourceTree = "SOURCE_ROOT"; };
		72E4C43DD95A73C205C17667 = {isa = PBXFileReference; lastKnownFileType = wrapper.framework; name = QuartzCore.framework; path = System/Library/Frameworks/QuartzCore.framework; sourceTree = SDKROOT; };
		75A1C08E60EF21EB4543E0D1 = {isa = PBXFileReference; lastKnownFileType = wrapper.framework; name = DiscRecording.framework; path = System/Library/Frameworks/DiscRecording.framework; sourceTree = SDKROOT; };
		7BC61A307DA76C56B3160B22 = {isa = PBXFileReference; lastKnownFileType = file; name = "juce_cryptography"; path = "../../../../../../../Library/JUCE/modules/juce_cryptography"; sourceTree = "SOURCE_ROOT"; };
		84DAE9B57F6D12DEED8BBBCE = {isa = PBXFileReference; lastKnownFileType = sourcecode.cpp.objcpp; name = "include_juce_gui_extra.mm"; path = "../../JuceLibraryCode/include_juce_gui_extra.mm"; sourceTree = "SOURCE_ROOT"; };
		8AAF8267E0EA7FB138771AAE = {isa = PBXFileReference; lastKnownFileType = wrapper.framework; name = Accelerate.framework; path = System/Library/Frameworks/Accelerate.framework; sourceTree = SDKROOT; };
		8E3C1BB4A7C9D5EFFBCDD28A = {isa = PBXFileReference; lastKnownFileType = sourcecode.cpp.objcpp; name = "include_juce_graphics.mm"; path = "../../JuceLibraryCode/include_juce_graphics.mm"; sourceTree = "SOURCE_ROOT"; };
		976FE122A379864292FD7A5B = {isa = PBXFileReference; lastKnownFileType = wrapper.framework; name = IOKit.framework; path = System/Library/Frameworks/IOKit.framework; sourceTree = SDKROOT; };
		9CB8A3A9E179ADC71C796590 = {isa = PBXFileReference; lastKnownFileType = wrapper.framework; name = AudioToolbox.framework; path = System/Library/Frameworks/AudioToolbox.framework; sourceTree = SDKROOT; };
		9F7C696DFA4C4E99A7C59AEE = {isa = PBXFileReference; lastKnownFileType = sourcecode.c.h; name = PluginEditor.h; path = ../../Source/PluginEditor.h; sourceTree = "SOURCE_ROOT"; };
		A8F8B6BD44F8D0B1F1124645 = {isa = PBXFileReference; lastKnownFileType = file; name = "juce_osc"; path = "../../../../../../../Library/JUCE/modules/juce_osc"; sourceTree = "SOURCE_ROOT"; };
		A93E7F2797B85B1729226AED = {isa = PBXFileReference; lastKnownFileType = sourcecode.c.h; name = PluginProcessor.h; path = ../../Source/PluginProcessor.h; sourceTree = "SOURCE_ROOT"; };
		AA1A43F522DD3C5CD7CCB03F = {isa = PBXFileReference; explicitFileType = archive.ar; includeInIndex = 0; path = libPianoRoller5.a; sourceTree = "BUILT_PRODUCTS_DIR"; };
		AD0424635D87E526E544ADB1 = {isa = PBXFileReference; lastKnownFileType = file; name = "juce_audio_devices"; path = "../../../../../../../Library/JUCE/modules/juce_audio_devices"; sourceTree = "SOURCE_ROOT"; };
		AE0A432C98F596202C176793 = {isa = PBXFileReference; lastKnownFileType = file; name = "juce_audio_processors"; path = "../../../../../../../Library/JUCE/modules/juce_audio_processors"; sourceTree = "SOURCE_ROOT"; };
		AFDA4485940D4589B992855B = {isa = PBXFileReference; lastKnownFileType = sourcecode.c.h; name = PlayCursorWindow.h; path = ../../Source/PlayCursorWindow.h; sourceTree = "SOURCE_ROOT"; };
		B3EA09C923479F8BFAEFAA28 = {isa = PBXFileReference; lastKnownFileType = sourcecode.cpp.cpp; name = PluginEditor.cpp; path = ../../Source/PluginEditor.cpp; sourceTree = "SOURCE_ROOT"; };
		B48856C6B3253822E4561A6D = {isa = PBXFileReference; lastKnownFileType = sourcecode.cpp.objcpp; name = "include_juce_events.mm"; path = "../../JuceLibraryCode/include_juce_events.mm"; sourceTree = "SOURCE_ROOT"; };
		B7E3005F51216C11FF3893FD = {isa = PBXFileReference; lastKnownFileType = sourcecode.cpp.cpp; name = "include_juce_audio_plugin_client_utils.cpp"; path = "../../JuceLibraryCode/include_juce_audio_plugin_client_utils.cpp"; sourceTree = "SOURCE_ROOT"; };
		BDF852A5B5DDCFC1A4448117 = {isa = PBXFileReference; lastKnownFileType = sourcecode.cpp.objcpp; name = "include_juce_audio_basics.mm"; path = "../../JuceLibraryCode/include_juce_audio_basics.mm"; sourceTree = "SOURCE_ROOT"; };
		C27CC8F7094C4579C3D6E6CC = {isa = PBXFileReference; lastKnownFileType = sourcecode.cpp.objcpp; name = "include_juce_audio_plugin_client_VST_utils.mm"; path = "../../JuceLibraryCode/include_juce_audio_plugin_client_VST_utils.mm"; sourceTree = "SOURCE_ROOT"; };
		D5B337A91B796C2C3812CB1C = {isa = PBXFileReference; lastKnownFileType = text.plist.xml; name = "Info-VST.plist"; path = "Info-VST.plist"; sourceTree = "SOURCE_ROOT"; };
		D768E05BB97950DA575B80B2 = {isa = PBXFileReference; lastKnownFileType = sourcecode.cpp.cpp; name = PianoRoll.cpp; path = ../../Source/PianoRoll.cpp; sourceTree = "SOURCE_ROOT"; };
		D97CB81AC0F6BB7F4FAE2162 = {isa = PBXFileReference; lastKnownFileType = wrapper.framework; name = Cocoa.framework; path = System/Library/Frameworks/Cocoa.framework; sourceTree = SDKROOT; };
		E08D8483DDD6162E40917152 = {isa = PBXFileReference; lastKnownFileType = sourcecode.c.h; name = JuceHeader.h; path = ../../JuceLibraryCode/JuceHeader.h; sourceTree = "SOURCE_ROOT"; };
		E57749115AB4677F832273D3 = {isa = PBXFileReference; lastKnownFileType = wrapper.framework; name = OpenGL.framework; path = System/Library/Frameworks/OpenGL.framework; sourceTree = SDKROOT; };
		E6DCD40D10D5D11F6AE7ED05 = {isa = PBXFileReference; lastKnownFileType = file; name = "juce_opengl"; path = "../../../../../../../Library/JUCE/modules/juce_opengl"; sourceTree = "SOURCE_ROOT"; };
		ECCBBBFBC7ED498E5BCE2B61 = {isa = PBXFileReference; lastKnownFileType = sourcecode.cpp.objcpp; name = "include_juce_core.mm"; path = "../../JuceLibraryCode/include_juce_core.mm"; sourceTree = "SOURCE_ROOT"; };
		EDB418D22E916C1641A6E37D = {isa = PBXFileReference; lastKnownFileType = file; name = "juce_audio_plugin_client"; path = "../../../../../../../Library/JUCE/modules/juce_audio_plugin_client"; sourceTree = "SOURCE_ROOT"; };
		F2F21E845545815ABD09CF09 = {isa = PBXFileReference; lastKnownFileType = sourcecode.cpp.cpp; name = "include_juce_audio_plugin_client_Standalone.cpp"; path = "../../JuceLibraryCode/include_juce_audio_plugin_client_Standalone.cpp"; sourceTree = "SOURCE_ROOT"; };
		F33A53F88E4B89CB09F29FF8 = {isa = PBXFileReference; lastKnownFileType = wrapper.framework; name = AVKit.framework; path = System/Library/Frameworks/AVKit.framework; sourceTree = SDKROOT; };
		F3C75F8287F2586E889595C7 = {isa = PBXFileReference; lastKnownFileType = sourcecode.cpp.objcpp; name = "include_juce_video.mm"; path = "../../JuceLibraryCode/include_juce_video.mm"; sourceTree = "SOURCE_ROOT"; };
		FE1B1050285CC7DD9A24CDCB = {isa = PBXFileReference; lastKnownFileType = sourcecode.cpp.cpp; name = VolumePanel.cpp; path = ../../Source/VolumePanel.cpp; sourceTree = "SOURCE_ROOT"; };
		FEA5D548522C5AAA377F1DEF = {isa = PBXFileReference; lastKnownFileType = file; name = "juce_video"; path = "../../../../../../../Library/JUCE/modules/juce_video"; sourceTree = "SOURCE_ROOT"; };
		02BDAA971738E03E63E0611C = {isa = PBXGroup; children = (
					6C134AAECF96A5B81EA4F72F,
					A93E7F2797B85B1729226AED,
					B3EA09C923479F8BFAEFAA28,
					9F7C696DFA4C4E99A7C59AEE,
					D768E05BB97950DA575B80B2,
					6A2D821E008757585C3AC3E4,
					52EF27A0FF47E6AEC94B893C,
					AFDA4485940D4589B992855B,
					FE1B1050285CC7DD9A24CDCB,
					0A8124B66AADC9AA40D4E3F0,
					226DC750832F51D49B31A4E2,
					474EF348643D8BCD797E4987,
					2E2333AAC756300B37C8068E, ); name = Source; sourceTree = "<group>"; };
		677ED91FD0E9C57E54D6C9AF = {isa = PBXGroup; children = (
					02BDAA971738E03E63E0611C, ); name = PianoRoller5; sourceTree = "<group>"; };
		AF6CC745046E696DB5F0348D = {isa = PBXGroup; children = (
					4B08E3EC44A935B42A5DEC1B,
					AD0424635D87E526E544ADB1,
					0DAE3BB21DEA9470FB71C5E7,
					EDB418D22E916C1641A6E37D,
					AE0A432C98F596202C176793,
					061485F2E157E9E622BB5ABF,
					5D61503CCBDEF676D956C5B3,
					7BC61A307DA76C56B3160B22,
					3CAEE889C72C01A0DE431C7F,
					1677C421A1E30245BAAE3FCD,
					19CB838EDC85C09B36EACA5E,
					27BB3768D80EECDD883EC6D9,
					1EFD6F472F18E4B54D868DF7,
					E6DCD40D10D5D11F6AE7ED05,
					A8F8B6BD44F8D0B1F1124645,
					FEA5D548522C5AAA377F1DEF, ); name = "JUCE Modules"; sourceTree = "<group>"; };
		85F7B004899BDA3D85E77E44 = {isa = PBXGroup; children = (
					4254BAD4F475120E6B3C51B9,
					BDF852A5B5DDCFC1A4448117,
					6B1EB0E4F306FC85139DFDB6,
					100F4E3A14D76D0F068DF13F,
					F2F21E845545815ABD09CF09,
					B7E3005F51216C11FF3893FD,
					C27CC8F7094C4579C3D6E6CC,
					5A71C31769FF6D83AB0E314B,
					407185B9F4D29CB3BFAA59D8,
					54A1348DB9002E42DE80AC2F,
					ECCBBBFBC7ED498E5BCE2B61,
					58FF8EE384408A6194BB87DD,
					4EE1D9306F50F809C0AA1281,
					B48856C6B3253822E4561A6D,
					8E3C1BB4A7C9D5EFFBCDD28A,
					420D2789DDA5F070C36FB074,
					84DAE9B57F6D12DEED8BBBCE,
					550A073CF801DC95A74AF83E,
					4017D52FDC6B4B1110BF39D2,
					F3C75F8287F2586E889595C7,
					E08D8483DDD6162E40917152, ); name = "JUCE Library Code"; sourceTree = "<group>"; };
		1BD287EF88BDE36B6B32443F = {isa = PBXGroup; children = (
					D5B337A91B796C2C3812CB1C,
					5A4E40D601C558F8454824F1,
					269B4E45C06EEE47F0D7B4FC, ); name = Resources; sourceTree = "<group>"; };
		0157C68C7520A552CC89C3C0 = {isa = PBXGroup; children = (
					8AAF8267E0EA7FB138771AAE,
					9CB8A3A9E179ADC71C796590,
					3A9369E6E38381CE0443CAD3,
					F33A53F88E4B89CB09F29FF8,
					2B49AAE8E619C3FBAF0B39E3,
					D97CB81AC0F6BB7F4FAE2162,
					4DC770A857BBEFBAB9DACC01,
					5A88825D84E828D4837FAF9A,
					482EB12EDB5ADF7C2C59E1A0,
					75A1C08E60EF21EB4543E0D1,
					976FE122A379864292FD7A5B,
					E57749115AB4677F832273D3,
					72E4C43DD95A73C205C17667,
					480721D1807FAFEFB6D83C71, ); name = Frameworks; sourceTree = "<group>"; };
		8D0196FEBAB1A0DBE0253A63 = {isa = PBXGroup; children = (
					3CBBF48AAA0D7FCE623D9039,
					30B88934A8FE8CC94866EB15,
					AA1A43F522DD3C5CD7CCB03F, ); name = Products; sourceTree = "<group>"; };
		FC158F484498DAFAAD56F1B4 = {isa = PBXGroup; children = (
					3305FC5C0B6AB873164C25F3,
					677ED91FD0E9C57E54D6C9AF,
					AF6CC745046E696DB5F0348D,
					85F7B004899BDA3D85E77E44,
					1BD287EF88BDE36B6B32443F,
					0157C68C7520A552CC89C3C0,
					8D0196FEBAB1A0DBE0253A63, ); name = Source; sourceTree = "<group>"; };
		DB4B15A1B37459EE08366E57 = {isa = XCBuildConfiguration; buildSettings = {
				MACOSX_DEPLOYMENT_TARGET = 10.11; }; name = Debug; };
		DEB22E257FE07382023D7C56 = {isa = XCBuildConfiguration; buildSettings = {
				MACOSX_DEPLOYMENT_TARGET = 10.11; }; name = Release; };
		5FCE681E3EA134CA37406FF6 = {isa = XCBuildConfiguration; buildSettings = {
				CLANG_CXX_LANGUAGE_STANDARD = "c++14";
				CLANG_LINK_OBJC_RUNTIME = NO;
				COMBINE_HIDPI_IMAGES = YES;
				CONFIGURATION_BUILD_DIR = "$(PROJECT_DIR)/build/$(CONFIGURATION)";
				COPY_PHASE_STRIP = NO;
				DEPLOYMENT_LOCATION = YES;
				DSTROOT = /;
				GCC_DYNAMIC_NO_PIC = NO;
				GCC_OPTIMIZATION_LEVEL = 0;
				GCC_PREPROCESSOR_DEFINITIONS = (
					"_DEBUG=1",
					"DEBUG=1",
					"JUCER_XCODE_MAC_F6D2F4CF=1",
					"JUCE_APP_VERSION=1.0.0",
					"JUCE_APP_VERSION_HEX=0x10000",
					"JucePlugin_Build_VST=1",
					"JucePlugin_Build_VST3=0",
					"JucePlugin_Build_AU=0",
					"JucePlugin_Build_AUv3=0",
					"JucePlugin_Build_RTAS=0",
					"JucePlugin_Build_AAX=0",
					"JucePlugin_Build_Standalone=0", );
				GCC_VERSION = com.apple.compilers.llvm.clang.1_0;
				GENERATE_PKGINFO_FILE = YES;
				HEADER_SEARCH_PATHS = ("../../JuceLibraryCode", "../../../../../../../Library/JUCE/modules", "../../../../../../../Library/JUCE/modules/juce_audio_plugin_client", "$(inherited)");
				INFOPLIST_FILE = Info-VST.plist;
				INFOPLIST_PREPROCESS = NO;
				INSTALL_PATH = "$(HOME)/Library/Audio/Plug-Ins/VST/";
				LIBRARY_STYLE = Bundle;
				MACOSX_DEPLOYMENT_TARGET = 10.11;
				MACOSX_DEPLOYMENT_TARGET_ppc = 10.4;
				OTHER_LDFLAGS = "-bundle -lPianoRoller5";
				PRODUCT_BUNDLE_IDENTIFIER = com.yourcompany.PianoRoller5;
				SDKROOT_ppc = macosx10.5;
				USE_HEADERMAP = NO;
				WRAPPER_EXTENSION = vst; }; name = Debug; };
		AEE29364DA9C63C0B6F662F2 = {isa = XCBuildConfiguration; buildSettings = {
				CLANG_CXX_LANGUAGE_STANDARD = "c++14";
				CLANG_LINK_OBJC_RUNTIME = NO;
				COMBINE_HIDPI_IMAGES = YES;
				CONFIGURATION_BUILD_DIR = "$(PROJECT_DIR)/build/$(CONFIGURATION)";
				DEAD_CODE_STRIPPING = YES;
				DEPLOYMENT_LOCATION = YES;
				DSTROOT = /;
				GCC_GENERATE_DEBUGGING_SYMBOLS = NO;
				GCC_OPTIMIZATION_LEVEL = 3;
				GCC_PREPROCESSOR_DEFINITIONS = (
					"_NDEBUG=1",
					"NDEBUG=1",
					"JUCER_XCODE_MAC_F6D2F4CF=1",
					"JUCE_APP_VERSION=1.0.0",
					"JUCE_APP_VERSION_HEX=0x10000",
					"JucePlugin_Build_VST=1",
					"JucePlugin_Build_VST3=0",
					"JucePlugin_Build_AU=0",
					"JucePlugin_Build_AUv3=0",
					"JucePlugin_Build_RTAS=0",
					"JucePlugin_Build_AAX=0",
					"JucePlugin_Build_Standalone=0", );
				GCC_SYMBOLS_PRIVATE_EXTERN = YES;
				GCC_VERSION = com.apple.compilers.llvm.clang.1_0;
				GENERATE_PKGINFO_FILE = YES;
				HEADER_SEARCH_PATHS = ("../../JuceLibraryCode", "../../../../../../../Library/JUCE/modules", "../../../../../../../Library/JUCE/modules/juce_audio_plugin_client", "$(inherited)");
				INFOPLIST_FILE = Info-VST.plist;
				INFOPLIST_PREPROCESS = NO;
				INSTALL_PATH = "$(HOME)/Library/Audio/Plug-Ins/VST/";
				LIBRARY_STYLE = Bundle;
				LLVM_LTO = YES;
				MACOSX_DEPLOYMENT_TARGET = 10.11;
				MACOSX_DEPLOYMENT_TARGET_ppc = 10.4;
				OTHER_LDFLAGS = "-bundle -lPianoRoller4";
				PRODUCT_BUNDLE_IDENTIFIER = com.yourcompany.PianoRoller5;
				SDKROOT_ppc = macosx10.5;
				USE_HEADERMAP = NO;
				WRAPPER_EXTENSION = vst; }; name = Release; };
		0CEA5C2A18D357ABB7797BE7 = {isa = XCBuildConfiguration; buildSettings = {
				CLANG_CXX_LANGUAGE_STANDARD = "c++14";
				CLANG_LINK_OBJC_RUNTIME = NO;
				COMBINE_HIDPI_IMAGES = YES;
				CONFIGURATION_BUILD_DIR = "$(PROJECT_DIR)/build/$(CONFIGURATION)";
				COPY_PHASE_STRIP = NO;
				GCC_DYNAMIC_NO_PIC = NO;
				GCC_OPTIMIZATION_LEVEL = 0;
				GCC_PREPROCESSOR_DEFINITIONS = (
					"_DEBUG=1",
					"DEBUG=1",
					"JUCER_XCODE_MAC_F6D2F4CF=1",
					"JUCE_APP_VERSION=1.0.0",
					"JUCE_APP_VERSION_HEX=0x10000",
					"JucePlugin_Build_VST=0",
					"JucePlugin_Build_VST3=0",
					"JucePlugin_Build_AU=0",
					"JucePlugin_Build_AUv3=0",
					"JucePlugin_Build_RTAS=0",
					"JucePlugin_Build_AAX=0",
					"JucePlugin_Build_Standalone=1", );
				GCC_VERSION = com.apple.compilers.llvm.clang.1_0;
				HEADER_SEARCH_PATHS = ("../../JuceLibraryCode", "../../../../../../../Library/JUCE/modules", "../../../../../../../Library/JUCE/modules/juce_audio_plugin_client", "$(inherited)");
				INFOPLIST_FILE = Info-Standalone_Plugin.plist;
				INFOPLIST_PREPROCESS = NO;
				MACOSX_DEPLOYMENT_TARGET = 10.11;
				MACOSX_DEPLOYMENT_TARGET_ppc = 10.4;
				OTHER_LDFLAGS = "-lPianoRoller5";
				PRODUCT_BUNDLE_IDENTIFIER = com.yourcompany.PianoRoller5;
				SDKROOT_ppc = macosx10.5;
				USE_HEADERMAP = NO; }; name = Debug; };
		13D167A59F391C0B42C03D9F = {isa = XCBuildConfiguration; buildSettings = {
				CLANG_CXX_LANGUAGE_STANDARD = "c++14";
				CLANG_LINK_OBJC_RUNTIME = NO;
				COMBINE_HIDPI_IMAGES = YES;
				CONFIGURATION_BUILD_DIR = "$(PROJECT_DIR)/build/$(CONFIGURATION)";
				DEAD_CODE_STRIPPING = YES;
				GCC_GENERATE_DEBUGGING_SYMBOLS = NO;
				GCC_OPTIMIZATION_LEVEL = 3;
				GCC_PREPROCESSOR_DEFINITIONS = (
					"_NDEBUG=1",
					"NDEBUG=1",
					"JUCER_XCODE_MAC_F6D2F4CF=1",
					"JUCE_APP_VERSION=1.0.0",
					"JUCE_APP_VERSION_HEX=0x10000",
					"JucePlugin_Build_VST=0",
					"JucePlugin_Build_VST3=0",
					"JucePlugin_Build_AU=0",
					"JucePlugin_Build_AUv3=0",
					"JucePlugin_Build_RTAS=0",
					"JucePlugin_Build_AAX=0",
					"JucePlugin_Build_Standalone=1", );
				GCC_SYMBOLS_PRIVATE_EXTERN = YES;
				GCC_VERSION = com.apple.compilers.llvm.clang.1_0;
				HEADER_SEARCH_PATHS = ("../../JuceLibraryCode", "../../../../../../../Library/JUCE/modules", "../../../../../../../Library/JUCE/modules/juce_audio_plugin_client", "$(inherited)");
				INFOPLIST_FILE = Info-Standalone_Plugin.plist;
				INFOPLIST_PREPROCESS = NO;
				LLVM_LTO = YES;
				MACOSX_DEPLOYMENT_TARGET = 10.11;
				MACOSX_DEPLOYMENT_TARGET_ppc = 10.4;
				OTHER_LDFLAGS = "-lPianoRoller4";
				PRODUCT_BUNDLE_IDENTIFIER = com.yourcompany.PianoRoller5;
				SDKROOT_ppc = macosx10.5;
				USE_HEADERMAP = NO; }; name = Release; };
		EC09AFEE8913A432947C87F2 = {isa = XCBuildConfiguration; buildSettings = {
				CLANG_CXX_LANGUAGE_STANDARD = "c++14";
				CLANG_LINK_OBJC_RUNTIME = NO;
				COMBINE_HIDPI_IMAGES = YES;
				CONFIGURATION_BUILD_DIR = "$(PROJECT_DIR)/build/$(CONFIGURATION)";
				COPY_PHASE_STRIP = NO;
				GCC_DYNAMIC_NO_PIC = NO;
				GCC_OPTIMIZATION_LEVEL = 0;
				GCC_PREPROCESSOR_DEFINITIONS = (
					"_DEBUG=1",
					"DEBUG=1",
					"JUCER_XCODE_MAC_F6D2F4CF=1",
					"JUCE_APP_VERSION=1.0.0",
					"JUCE_APP_VERSION_HEX=0x10000",
					"JucePlugin_Build_VST=1",
					"JucePlugin_Build_VST3=0",
					"JucePlugin_Build_AU=0",
					"JucePlugin_Build_AUv3=0",
					"JucePlugin_Build_RTAS=0",
					"JucePlugin_Build_AAX=0",
					"JucePlugin_Build_Standalone=1",
					"JUCE_SHARED_CODE=1", );
				GCC_VERSION = com.apple.compilers.llvm.clang.1_0;
				HEADER_SEARCH_PATHS = ("../../JuceLibraryCode", "../../../../../../../Library/JUCE/modules", "../../../../../../../Library/JUCE/modules/juce_audio_plugin_client", "$(inherited)");
				INSTALL_PATH = "@executable_path/../Frameworks";
				MACOSX_DEPLOYMENT_TARGET = 10.11;
				MACOSX_DEPLOYMENT_TARGET_ppc = 10.4;
				PRODUCT_BUNDLE_IDENTIFIER = com.yourcompany.PianoRoller5;
				SDKROOT_ppc = macosx10.5;
				USE_HEADERMAP = NO; }; name = Debug; };
		A3D7E48C1B1D347D88C1B5AD = {isa = XCBuildConfiguration; buildSettings = {
				CLANG_CXX_LANGUAGE_STANDARD = "c++14";
				CLANG_LINK_OBJC_RUNTIME = NO;
				COMBINE_HIDPI_IMAGES = YES;
				CONFIGURATION_BUILD_DIR = "$(PROJECT_DIR)/build/$(CONFIGURATION)";
				DEAD_CODE_STRIPPING = YES;
				GCC_GENERATE_DEBUGGING_SYMBOLS = NO;
				GCC_OPTIMIZATION_LEVEL = 3;
				GCC_PREPROCESSOR_DEFINITIONS = (
					"_NDEBUG=1",
					"NDEBUG=1",
					"JUCER_XCODE_MAC_F6D2F4CF=1",
					"JUCE_APP_VERSION=1.0.0",
					"JUCE_APP_VERSION_HEX=0x10000",
					"JucePlugin_Build_VST=1",
					"JucePlugin_Build_VST3=0",
					"JucePlugin_Build_AU=0",
					"JucePlugin_Build_AUv3=0",
					"JucePlugin_Build_RTAS=0",
					"JucePlugin_Build_AAX=0",
					"JucePlugin_Build_Standalone=1",
					"JUCE_SHARED_CODE=1", );
				GCC_SYMBOLS_PRIVATE_EXTERN = YES;
				GCC_VERSION = com.apple.compilers.llvm.clang.1_0;
				HEADER_SEARCH_PATHS = ("../../JuceLibraryCode", "../../../../../../../Library/JUCE/modules", "../../../../../../../Library/JUCE/modules/juce_audio_plugin_client", "$(inherited)");
				INSTALL_PATH = "@executable_path/../Frameworks";
				LLVM_LTO = YES;
				MACOSX_DEPLOYMENT_TARGET = 10.11;
				MACOSX_DEPLOYMENT_TARGET_ppc = 10.4;
				PRODUCT_BUNDLE_IDENTIFIER = com.yourcompany.PianoRoller5;
				SDKROOT_ppc = macosx10.5;
				USE_HEADERMAP = NO; }; name = Release; };
		59A64E3E14F17147758E83F3 = {isa = XCBuildConfiguration; buildSettings = {
				ALWAYS_SEARCH_USER_PATHS = NO;
				CLANG_WARN_BLOCK_CAPTURE_AUTORELEASING = YES;
				CLANG_WARN_BOOL_CONVERSION = YES;
				CLANG_WARN_COMMA = YES;
				CLANG_WARN_CONSTANT_CONVERSION = YES;
				CLANG_WARN_EMPTY_BODY = YES;
				CLANG_WARN_ENUM_CONVERSION = YES;
				CLANG_WARN_INFINITE_RECURSION = YES;
				CLANG_WARN_INT_CONVERSION = YES;
				CLANG_WARN_NON_LITERAL_NULL_CONVERSION = YES;
				CLANG_WARN_OBJC_LITERAL_CONVERSION = YES;
				CLANG_WARN_RANGE_LOOP_ANALYSIS = YES;
				CLANG_WARN_STRICT_PROTOTYPES = YES;
				CLANG_WARN_SUSPICIOUS_MOVE = YES;
				CLANG_WARN_UNREACHABLE_CODE = YES;
				CLANG_WARN__DUPLICATE_METHOD_MATCH = YES;
				DEBUG_INFORMATION_FORMAT = "dwarf";
				ENABLE_STRICT_OBJC_MSGSEND = YES;
				ENABLE_TESTABILITY = YES;
				GCC_C_LANGUAGE_STANDARD = c11;
				GCC_INLINES_ARE_PRIVATE_EXTERN = YES;
				GCC_MODEL_TUNING = G5;
				GCC_NO_COMMON_BLOCKS = YES;
				GCC_WARN_64_TO_32_BIT_CONVERSION = YES;
				GCC_WARN_ABOUT_RETURN_TYPE = YES;
				GCC_WARN_CHECK_SWITCH_STATEMENTS = YES;
				GCC_WARN_MISSING_PARENTHESES = YES;
				GCC_WARN_NON_VIRTUAL_DESTRUCTOR = YES;
				GCC_WARN_TYPECHECK_CALLS_TO_PRINTF = YES;
				GCC_WARN_UNDECLARED_SELECTOR = YES;
				GCC_WARN_UNINITIALIZED_AUTOS = YES;
				GCC_WARN_UNUSED_FUNCTION = YES;
				GCC_WARN_UNUSED_VARIABLE = YES;
				ONLY_ACTIVE_ARCH = YES;
				PRODUCT_NAME = "PianoRoller5";
				WARNING_CFLAGS = -Wreorder;
				ZERO_LINK = NO; }; name = Debug; };
		0B756F76476BECA9B16BA1CF = {isa = XCBuildConfiguration; buildSettings = {
				ALWAYS_SEARCH_USER_PATHS = NO;
				CLANG_WARN_BLOCK_CAPTURE_AUTORELEASING = YES;
				CLANG_WARN_BOOL_CONVERSION = YES;
				CLANG_WARN_COMMA = YES;
				CLANG_WARN_CONSTANT_CONVERSION = YES;
				CLANG_WARN_EMPTY_BODY = YES;
				CLANG_WARN_ENUM_CONVERSION = YES;
				CLANG_WARN_INFINITE_RECURSION = YES;
				CLANG_WARN_INT_CONVERSION = YES;
				CLANG_WARN_NON_LITERAL_NULL_CONVERSION = YES;
				CLANG_WARN_OBJC_LITERAL_CONVERSION = YES;
				CLANG_WARN_RANGE_LOOP_ANALYSIS = YES;
				CLANG_WARN_STRICT_PROTOTYPES = YES;
				CLANG_WARN_SUSPICIOUS_MOVE = YES;
				CLANG_WARN_UNREACHABLE_CODE = YES;
				CLANG_WARN__DUPLICATE_METHOD_MATCH = YES;
				DEBUG_INFORMATION_FORMAT = "dwarf";
				ENABLE_STRICT_OBJC_MSGSEND = YES;
				GCC_C_LANGUAGE_STANDARD = c11;
				GCC_INLINES_ARE_PRIVATE_EXTERN = YES;
				GCC_MODEL_TUNING = G5;
				GCC_NO_COMMON_BLOCKS = YES;
				GCC_WARN_64_TO_32_BIT_CONVERSION = YES;
				GCC_WARN_ABOUT_RETURN_TYPE = YES;
				GCC_WARN_CHECK_SWITCH_STATEMENTS = YES;
				GCC_WARN_MISSING_PARENTHESES = YES;
				GCC_WARN_NON_VIRTUAL_DESTRUCTOR = YES;
				GCC_WARN_TYPECHECK_CALLS_TO_PRINTF = YES;
				GCC_WARN_UNDECLARED_SELECTOR = YES;
				GCC_WARN_UNINITIALIZED_AUTOS = YES;
				GCC_WARN_UNUSED_FUNCTION = YES;
				GCC_WARN_UNUSED_VARIABLE = YES;
				PRODUCT_NAME = "PianoRoller4";
				WARNING_CFLAGS = -Wreorder;
				ZERO_LINK = NO; }; name = Release; };
		890F338893070774B230F7EB = {isa = PBXTargetDependency; target = AF0D3FDF177F20B6D4C1943F; };
		F5F06F950AFF2FB3612D0997 = {isa = PBXTargetDependency; target = 9195AF9B224CCAD3CDFD3030; };
		A65523DF881410A2EA80108E = {isa = PBXTargetDependency; target = 3B23EE2B6446A089F168EE5B; };
		B912E04C79982E64AE2A237A = {isa = XCConfigurationList; buildConfigurations = (
					59A64E3E14F17147758E83F3,
					0B756F76476BECA9B16BA1CF, ); defaultConfigurationIsVisible = 0; defaultConfigurationName = Debug; };
		04B22A8A05C09D490E55E780 = {isa = XCConfigurationList; buildConfigurations = (
					DB4B15A1B37459EE08366E57,
					DEB22E257FE07382023D7C56, ); defaultConfigurationIsVisible = 0; defaultConfigurationName = Debug; };
		DDAE8404B900ABA66FB1D024 = {isa = PBXAggregateTarget; buildConfigurationList = 04B22A8A05C09D490E55E780; buildPhases = (  ); buildRules = ( ); dependencies = (
					890F338893070774B230F7EB,
					F5F06F950AFF2FB3612D0997,
					A65523DF881410A2EA80108E, ); name = "PianoRoller5 - All"; productName = PianoRoller5; };
		FAC9A2CD27F5CDA28E63A015 = {isa = XCConfigurationList; buildConfigurations = (
					5FCE681E3EA134CA37406FF6,
					AEE29364DA9C63C0B6F662F2, ); defaultConfigurationIsVisible = 0; defaultConfigurationName = Debug; };
		38C435B2F5B9D385CEA6E3D1 = {isa = PBXResourcesBuildPhase; buildActionMask = 2147483647; files = (
					BECB238DFE941415029E42FA, ); runOnlyForDeploymentPostprocessing = 0; };
		86BCB902A6ED6B2129DEEAEC = {isa = PBXSourcesBuildPhase; buildActionMask = 2147483647; files = (
					F9C54D3C465D716337F31DBF, ); runOnlyForDeploymentPostprocessing = 0; };
		2F4A77472424A2D59B94D82D = {isa = PBXFrameworksBuildPhase; buildActionMask = 2147483647; files = (
					0CD1C0BF5436B813B0B08452,
					48947E7956EFB6A27585AF3E,
					C8C6572C88B0AD31E84D7DAA,
					8ED1608F0A48DCD45A11C8B4,
					573723B9A857848AC1623260,
					E09279FF77CCBE5872313C46,
					7A7030857B1E87A67CB4E9E5,
					78AB8D36E97F203EDA000CFC,
					E88A2A3848302525105D8FCB,
					1B1A571969B1C4B3D7231C82,
					9269D82953207F1FCDE2BC5A,
					55192A41B1F988FD65C2C2FA,
					A8872A35FAFD3D4977FE65C5,
					F42797C413EFDA2BCCF26AC7, ); runOnlyForDeploymentPostprocessing = 0; };
		AF0D3FDF177F20B6D4C1943F = {isa = PBXNativeTarget; buildConfigurationList = FAC9A2CD27F5CDA28E63A015; buildPhases = (
					38C435B2F5B9D385CEA6E3D1,
					86BCB902A6ED6B2129DEEAEC,
					2F4A77472424A2D59B94D82D, ); buildRules = ( ); dependencies = (
					A65523DF881410A2EA80108E, ); name = "PianoRoller5 - VST"; productName = PianoRoller5; productReference = 3CBBF48AAA0D7FCE623D9039; productType = "com.apple.product-type.bundle"; };
		A0172F8B57C98BF661FA93A0 = {isa = XCConfigurationList; buildConfigurations = (
					0CEA5C2A18D357ABB7797BE7,
					13D167A59F391C0B42C03D9F, ); defaultConfigurationIsVisible = 0; defaultConfigurationName = Debug; };
		CE02A8A74712B4A4EFE62547 = {isa = PBXResourcesBuildPhase; buildActionMask = 2147483647; files = (
					BECB238DFE941415029E42FA, ); runOnlyForDeploymentPostprocessing = 0; };
		006B356229B98797AFE65B7F = {isa = PBXSourcesBuildPhase; buildActionMask = 2147483647; files = (
					73C43F05AB452301244031DD, ); runOnlyForDeploymentPostprocessing = 0; };
		57AD2C9350DC421B20B0BD52 = {isa = PBXFrameworksBuildPhase; buildActionMask = 2147483647; files = (
					0CD1C0BF5436B813B0B08452,
					48947E7956EFB6A27585AF3E,
					C8C6572C88B0AD31E84D7DAA,
					8ED1608F0A48DCD45A11C8B4,
					573723B9A857848AC1623260,
					E09279FF77CCBE5872313C46,
					7A7030857B1E87A67CB4E9E5,
					78AB8D36E97F203EDA000CFC,
					E88A2A3848302525105D8FCB,
					1B1A571969B1C4B3D7231C82,
					9269D82953207F1FCDE2BC5A,
					55192A41B1F988FD65C2C2FA,
					A8872A35FAFD3D4977FE65C5,
					F42797C413EFDA2BCCF26AC7, ); runOnlyForDeploymentPostprocessing = 0; };
		9195AF9B224CCAD3CDFD3030 = {isa = PBXNativeTarget; buildConfigurationList = A0172F8B57C98BF661FA93A0; buildPhases = (
					CE02A8A74712B4A4EFE62547,
					006B356229B98797AFE65B7F,
					57AD2C9350DC421B20B0BD52, ); buildRules = ( ); dependencies = (
					A65523DF881410A2EA80108E, ); name = "PianoRoller5 - Standalone Plugin"; productName = PianoRoller5; productReference = 30B88934A8FE8CC94866EB15; productType = "com.apple.product-type.application"; };
		3866A12FE6BCA1763BD5AC3F = {isa = XCConfigurationList; buildConfigurations = (
					EC09AFEE8913A432947C87F2,
					A3D7E48C1B1D347D88C1B5AD, ); defaultConfigurationIsVisible = 0; defaultConfigurationName = Debug; };
		AA5C9310C055975075168957 = {isa = PBXSourcesBuildPhase; buildActionMask = 2147483647; files = (
					AEC199DE06BDD8AE0F0B1D43,
					5DD841220DD26190505A4973,
					67AD6A13FC6B5C989EEC636D,
					47E53305C3590C4A1D7A3882,
					6D78A725E6B91D280E4CA212,
					620E3A224E4EEE256131CC00,
					5DD22F3FFED15F2E2C7DA1E1,
					80040C34D038BE45595669A8,
					981B586203AA9A8B7ADA2A00,
					A4A420D846FE437EB6303F7E,
					6E9A8ED949E5563E06A825D2,
					8F49562E36AFA026EFC6B410,
					DAF835B7843387170B545389,
					AF263CB6A0E7D12B7009341E,
					D86622C6CD63BFB203F49CCD,
					FF589BF9C7F967A1DFC9FCB0,
					3905103F04DAFE4C5E04735B,
					75280E5A8DE6BE83E5E85E9C,
					201CC6397729D4CFFE7DB7F1,
					95374F0D3B350324F83339EC,
					5674061E51B4F4E1AD568143,
					DF62CC7E0D5240EC5E0EF62B,
					A0F15B4B1CC73520904EF224, ); runOnlyForDeploymentPostprocessing = 0; };
		3B23EE2B6446A089F168EE5B = {isa = PBXNativeTarget; buildConfigurationList = 3866A12FE6BCA1763BD5AC3F; buildPhases = (
					AA5C9310C055975075168957, ); buildRules = ( ); dependencies = (  ); name = "PianoRoller5 - Shared Code"; productName = PianoRoller5; productReference = AA1A43F522DD3C5CD7CCB03F; productType = "com.apple.product-type.library.static"; };
		FAA030A60945EF974BF2A567 = {isa = PBXProject; buildConfigurationList = B912E04C79982E64AE2A237A; attributes = { LastUpgradeCheck = 0830; ORGANIZATIONNAME = ""; TargetAttributes = { DDAE8404B900ABA66FB1D024 = { SystemCapabilities = {com.apple.ApplicationGroups.iOS = { enabled = 0; }; com.apple.InAppPurchase = { enabled = 0; }; com.apple.InterAppAudio = { enabled = 0; }; com.apple.Push = { enabled = 0; }; com.apple.Sandbox = { enabled = 0; }; }; };AF0D3FDF177F20B6D4C1943F = { SystemCapabilities = {com.apple.ApplicationGroups.iOS = { enabled = 0; }; com.apple.InAppPurchase = { enabled = 0; }; com.apple.InterAppAudio = { enabled = 0; }; com.apple.Push = { enabled = 0; }; com.apple.Sandbox = { enabled = 0; }; }; };9195AF9B224CCAD3CDFD3030 = { SystemCapabilities = {com.apple.ApplicationGroups.iOS = { enabled = 0; }; com.apple.InAppPurchase = { enabled = 0; }; com.apple.InterAppAudio = { enabled = 0; }; com.apple.Push = { enabled = 0; }; com.apple.Sandbox = { enabled = 0; }; }; };3B23EE2B6446A089F168EE5B = { SystemCapabilities = {com.apple.ApplicationGroups.iOS = { enabled = 0; }; com.apple.InAppPurchase = { enabled = 0; }; com.apple.InterAppAudio = { enabled = 0; }; com.apple.Push = { enabled = 0; }; com.apple.Sandbox = { enabled = 0; }; }; }; }; }; compatibilityVersion = "Xcode 3.2"; hasScannedForEncodings = 0; mainGroup = FC158F484498DAFAAD56F1B4; projectDirPath = ""; projectRoot = ""; targets = (DDAE8404B900ABA66FB1D024, AF0D3FDF177F20B6D4C1943F, 9195AF9B224CCAD3CDFD3030, 3B23EE2B6446A089F168EE5B); };
	};
	rootObject = FAA030A60945EF974BF2A567;
}
