// !$*UTF8*$!
{
	archiveVersion = 1;
	classes = {
	};
	objectVersion = 46;
	objects = {

		C69F41F8F2850C36B1C85764 = {isa = PBXBuildFile; fileRef = CBF03A56B121A82BB3D16C15; };
		22F8F8400E730D82BE770FF0 = {isa = PBXBuildFile; fileRef = CE235B98E6C3BA17A8497AF2; };
		77B73AD1E73E71DFD5A1F52E = {isa = PBXBuildFile; fileRef = 00732DDBB280984F9CF59D0B; };
		0CA8B06AA17AA56812083884 = {isa = PBXBuildFile; fileRef = 69DBA1D631DC27C7DEC0576B; };
		F60D52B87DF1CD85EC88C2F3 = {isa = PBXBuildFile; fileRef = 755D2D2BE7879E4B25F41C92; };
		8AA4B97FD3A450E114EA7F38 = {isa = PBXBuildFile; fileRef = CC241EBCC3ACDED9184ACAED; };
		AE7885B20B4BB73913D22A0D = {isa = PBXBuildFile; fileRef = 890C34A6A2D022803C20F83A; };
		689029B2C317809C19385370 = {isa = PBXBuildFile; fileRef = 3643E537FF392AEC61301126; };
		04B23828041574327B1B4FC1 = {isa = PBXBuildFile; fileRef = C1685C4FE8CA99EE3BCDC97C; };
		C9C2EBF3C0123626D6E36A66 = {isa = PBXBuildFile; fileRef = 0D4A65205648EBB2C984018C; };
		8D8D78F9436B3FA7BD3E1FEC = {isa = PBXBuildFile; fileRef = BB54C83C776FC63F96D3625A; };
		59F31E5C03AA4246D3588ABC = {isa = PBXBuildFile; fileRef = 648142DA1E127A139CEC0F99; };
		BDFEF958EC970568DCBC965E = {isa = PBXBuildFile; fileRef = 43290C52C5EE1665D143A89B; };
		FF6091F46508E561E83B2AAE = {isa = PBXBuildFile; fileRef = 65AF61E3628B45CA2984EFDE; };
		B427A454AEE09766D107A1A1 = {isa = PBXBuildFile; fileRef = 423086084E81761550E79AAF; };
		73AD26FCDF96BC0945775A6F = {isa = PBXBuildFile; fileRef = AA9CCB8341AA537DFB0962B2; };
		73F07F29B9C7AD3C24C343BC = {isa = PBXBuildFile; fileRef = A9B9438D7B3DE3E6E582A488; };
		E26A4A24385E80FBF5D6E067 = {isa = PBXBuildFile; fileRef = B2EBA83F9D6875B8541A0732; };
		7F1454A42F9DA74355A46B73 = {isa = PBXBuildFile; fileRef = 14E68B09AB1BB1AE2C3AB689; };
		E34BFF6D9F3D9B51A45F48B8 = {isa = PBXBuildFile; fileRef = 4F8CDD66F0098DCC419839F2; };
		9FE9378206077D34E362D41C = {isa = PBXBuildFile; fileRef = DA5CB72624AF0EF3550F29C1; };
		94C3D28312E2FEF6481781F2 = {isa = PBXBuildFile; fileRef = 4A3B9D03550A6D6F658A6DAE; };
		6C98181D232E1D71ECD9D268 = {isa = PBXBuildFile; fileRef = 2D89EAE3D417DE478B26DC0D; };
		8C9716102C7F4F3ECE87A3F6 = {isa = PBXBuildFile; fileRef = 2C747B48505E083CDA743F46; };
		B1B1E80D1D9AA758C4BAF2EF = {isa = PBXBuildFile; fileRef = 84E532A7020E9E66483C2DA0; };
		4FD05CECCC6705A201117F24 = {isa = PBXBuildFile; fileRef = A1874F7BBE13B7BE31601B48; };
		67DA4A6C9DC381B6A9B4A0E5 = {isa = PBXBuildFile; fileRef = 5F1D5CF91FD139B441C48E5E; };
		0A501EFE17F16CDD8814817E = {isa = PBXBuildFile; fileRef = 2520DF50DF437630BC13EE8B; };
		D2F2663137F9F049C7B8AA45 = {isa = PBXBuildFile; fileRef = 6BDA5291417AA66474356796; };
		2DA1C60D500D8EB435870CEE = {isa = PBXBuildFile; fileRef = 7F25898E9D74703D7316EFA7; };
		2C856D612A507080902C5F3E = {isa = PBXBuildFile; fileRef = 4EE3794F5CD8BAB9E35A7F65; };
		5836B203468CF7F799CD9ED5 = {isa = PBXBuildFile; fileRef = 48587E09FA6B8C5D17F64D90; };
		2B96BAD34EEF17C9161ED360 = {isa = PBXBuildFile; fileRef = 0D73A744C3552498E7BEFFC9; };
		7024EBD8383E7A958821458B = {isa = PBXBuildFile; fileRef = 5405FF4502ECDF2B2A8A7F93; };
		3DE903A09218244AE10C099D = {isa = PBXBuildFile; fileRef = 3B1BAD9B7818EB42057B368B; };
		DF2CEDDA1986E9D6C54AC11C = {isa = PBXBuildFile; fileRef = FBDBA784B9CB07679D2A7E82; };
		AAC1F48F78BF213319AF8ADB = {isa = PBXBuildFile; fileRef = 867F9EE753A9756789AEDA75; };
		D819555830F37FA3A51DF8CD = {isa = PBXBuildFile; fileRef = 77FF916A243DA1E86D75898C; };
		A11F037D94823914CC519BBC = {isa = PBXBuildFile; fileRef = E3955DC13FEA039B46765BA9; };
		FB8B2A8FDFDF417AA5A41C4A = {isa = PBXBuildFile; fileRef = 1B8B17B2443D8CDAA12ACAA5; };
		AF3345EDC25598CD0D8A6171 = {isa = PBXBuildFile; fileRef = 1130EF46500EDBD328DBB291; };
		BBD1683BAB9A093CD3A436C4 = {isa = PBXBuildFile; fileRef = BC807DD61224B9544CA539F1; };
		5F34B83F92B443FFDFA2669F = {isa = PBXBuildFile; fileRef = 135E36AE07CC4BB6FBC84E82; };
		00842D893F2C7808F0A358FC = {isa = PBXFileReference; lastKnownFileType = text.plist.xml; name = PianoRoller4.entitlements; path = PianoRoller4.entitlements; sourceTree = "SOURCE_ROOT"; };
		03DCAEB7678EAE498310AC60 = {isa = PBXFileReference; lastKnownFileType = sourcecode.c.h; name = PluginEditor.h; path = ../../Source/PluginEditor.h; sourceTree = "SOURCE_ROOT"; };
		0D4A65205648EBB2C984018C = {isa = PBXFileReference; lastKnownFileType = wrapper.framework; name = CoreAudio.framework; path = System/Library/Frameworks/CoreAudio.framework; sourceTree = SDKROOT; };
		0D73A744C3552498E7BEFFC9 = {isa = PBXFileReference; lastKnownFileType = sourcecode.cpp.objcpp; name = "include_juce_audio_utils.mm"; path = "../../JuceLibraryCode/include_juce_audio_utils.mm"; sourceTree = "SOURCE_ROOT"; };
		1130EF46500EDBD328DBB291 = {isa = PBXFileReference; lastKnownFileType = sourcecode.cpp.objcpp; name = "include_juce_opengl.mm"; path = "../../JuceLibraryCode/include_juce_opengl.mm"; sourceTree = "SOURCE_ROOT"; };
		135E36AE07CC4BB6FBC84E82 = {isa = PBXFileReference; lastKnownFileType = sourcecode.cpp.objcpp; name = "include_juce_video.mm"; path = "../../JuceLibraryCode/include_juce_video.mm"; sourceTree = "SOURCE_ROOT"; };
		14E68B09AB1BB1AE2C3AB689 = {isa = PBXFileReference; lastKnownFileType = sourcecode.cpp.cpp; name = PluginProcessor.cpp; path = ../../Source/PluginProcessor.cpp; sourceTree = "SOURCE_ROOT"; };
		1864787FA059546FA39B6149 = {isa = PBXFileReference; lastKnownFileType = file; name = "juce_audio_processors"; path = "../../../../../../../Library/JUCE/modules/juce_audio_processors"; sourceTree = "SOURCE_ROOT"; };
		1A37DDB31C784FFB3D0DBA85 = {isa = PBXFileReference; lastKnownFileType = sourcecode.c.h; name = JuceHeader.h; path = ../../JuceLibraryCode/JuceHeader.h; sourceTree = "SOURCE_ROOT"; };
		1B8B17B2443D8CDAA12ACAA5 = {isa = PBXFileReference; lastKnownFileType = sourcecode.cpp.objcpp; name = "include_juce_gui_extra.mm"; path = "../../JuceLibraryCode/include_juce_gui_extra.mm"; sourceTree = "SOURCE_ROOT"; };
		2520DF50DF437630BC13EE8B = {isa = PBXFileReference; lastKnownFileType = sourcecode.cpp.cpp; name = "include_juce_audio_plugin_client_Standalone.cpp"; path = "../../JuceLibraryCode/include_juce_audio_plugin_client_Standalone.cpp"; sourceTree = "SOURCE_ROOT"; };
		2C747B48505E083CDA743F46 = {isa = PBXFileReference; lastKnownFileType = sourcecode.cpp.cpp; name = Setup.cpp; path = ../../Source/Setup.cpp; sourceTree = "SOURCE_ROOT"; };
		2D89EAE3D417DE478B26DC0D = {isa = PBXFileReference; lastKnownFileType = sourcecode.cpp.cpp; name = VolumePanel.cpp; path = ../../Source/VolumePanel.cpp; sourceTree = "SOURCE_ROOT"; };
		33DB79626DB9FE6D24A6BC67 = {isa = PBXFileReference; lastKnownFileType = file; name = "juce_cryptography"; path = "../../../../../../../Library/JUCE/modules/juce_cryptography"; sourceTree = "SOURCE_ROOT"; };
		3643E537FF392AEC61301126 = {isa = PBXFileReference; lastKnownFileType = wrapper.framework; name = Carbon.framework; path = System/Library/Frameworks/Carbon.framework; sourceTree = SDKROOT; };
		3B1BAD9B7818EB42057B368B = {isa = PBXFileReference; lastKnownFileType = sourcecode.cpp.objcpp; name = "include_juce_cryptography.mm"; path = "../../JuceLibraryCode/include_juce_cryptography.mm"; sourceTree = "SOURCE_ROOT"; };
		3C406D49A46612E8792BC7BC = {isa = PBXFileReference; lastKnownFileType = file; name = "juce_audio_basics"; path = "../../../../../../../Library/JUCE/modules/juce_audio_basics"; sourceTree = "SOURCE_ROOT"; };
		3D30211A0FDD5E3ED13F5EA1 = {isa = PBXFileReference; lastKnownFileType = file; name = "juce_audio_plugin_client"; path = "../../../../../../../Library/JUCE/modules/juce_audio_plugin_client"; sourceTree = "SOURCE_ROOT"; };
		3F9C4DADA58961B467A11F2E = {isa = PBXFileReference; lastKnownFileType = sourcecode.c.h; name = Setup.h; path = ../../Source/Setup.h; sourceTree = "SOURCE_ROOT"; };
		423086084E81761550E79AAF = {isa = PBXFileReference; lastKnownFileType = wrapper.framework; name = OpenGL.framework; path = System/Library/Frameworks/OpenGL.framework; sourceTree = SDKROOT; };
		43290C52C5EE1665D143A89B = {isa = PBXFileReference; lastKnownFileType = wrapper.framework; name = DiscRecording.framework; path = System/Library/Frameworks/DiscRecording.framework; sourceTree = SDKROOT; };
		48125D51DE9B957CAEC760D7 = {isa = PBXFileReference; lastKnownFileType = file; name = "juce_opengl"; path = "../../../../../../../Library/JUCE/modules/juce_opengl"; sourceTree = "SOURCE_ROOT"; };
		48587E09FA6B8C5D17F64D90 = {isa = PBXFileReference; lastKnownFileType = sourcecode.cpp.objcpp; name = "include_juce_audio_processors.mm"; path = "../../JuceLibraryCode/include_juce_audio_processors.mm"; sourceTree = "SOURCE_ROOT"; };
		4A3B9D03550A6D6F658A6DAE = {isa = PBXFileReference; lastKnownFileType = sourcecode.cpp.cpp; name = PlayCursorWindow.cpp; path = ../../Source/PlayCursorWindow.cpp; sourceTree = "SOURCE_ROOT"; };
		4B6D308CC1FA2A67F275F95B = {isa = PBXFileReference; lastKnownFileType = sourcecode.c.h; name = PianoRoll.h; path = ../../Source/PianoRoll.h; sourceTree = "SOURCE_ROOT"; };
		4EE3794F5CD8BAB9E35A7F65 = {isa = PBXFileReference; lastKnownFileType = sourcecode.cpp.cpp; name = "include_juce_audio_plugin_client_VST2.cpp"; path = "../../JuceLibraryCode/include_juce_audio_plugin_client_VST2.cpp"; sourceTree = "SOURCE_ROOT"; };
		4F82155965D80B70BEE915F4 = {isa = PBXFileReference; lastKnownFileType = text.plist.xml; name = "Info-VST.plist"; path = "Info-VST.plist"; sourceTree = "SOURCE_ROOT"; };
		4F8CDD66F0098DCC419839F2 = {isa = PBXFileReference; lastKnownFileType = sourcecode.cpp.cpp; name = PluginEditor.cpp; path = ../../Source/PluginEditor.cpp; sourceTree = "SOURCE_ROOT"; };
		5405FF4502ECDF2B2A8A7F93 = {isa = PBXFileReference; lastKnownFileType = sourcecode.cpp.objcpp; name = "include_juce_core.mm"; path = "../../JuceLibraryCode/include_juce_core.mm"; sourceTree = "SOURCE_ROOT"; };
		577C312E742EBB3108441390 = {isa = PBXFileReference; lastKnownFileType = file; name = "juce_audio_utils"; path = "../../../../../../../Library/JUCE/modules/juce_audio_utils"; sourceTree = "SOURCE_ROOT"; };
		5AAC5A9564E8475C72544AB3 = {isa = PBXFileReference; lastKnownFileType = sourcecode.c.h; name = PluginProcessor.h; path = ../../Source/PluginProcessor.h; sourceTree = "SOURCE_ROOT"; };
		5F1D5CF91FD139B441C48E5E = {isa = PBXFileReference; lastKnownFileType = sourcecode.cpp.objcpp; name = "include_juce_audio_formats.mm"; path = "../../JuceLibraryCode/include_juce_audio_formats.mm"; sourceTree = "SOURCE_ROOT"; };
		648142DA1E127A139CEC0F99 = {isa = PBXFileReference; lastKnownFileType = wrapper.framework; name = CoreMIDI.framework; path = System/Library/Frameworks/CoreMIDI.framework; sourceTree = SDKROOT; };
		65AF61E3628B45CA2984EFDE = {isa = PBXFileReference; lastKnownFileType = wrapper.framework; name = IOKit.framework; path = System/Library/Frameworks/IOKit.framework; sourceTree = SDKROOT; };
		69DBA1D631DC27C7DEC0576B = {isa = PBXFileReference; lastKnownFileType = wrapper.framework; name = Accelerate.framework; path = System/Library/Frameworks/Accelerate.framework; sourceTree = SDKROOT; };
		6AC39CF5EEB37CEEE45FFE8E = {isa = PBXFileReference; lastKnownFileType = file; name = "juce_gui_basics"; path = "../../../../../../../Library/JUCE/modules/juce_gui_basics"; sourceTree = "SOURCE_ROOT"; };
		6BDA5291417AA66474356796 = {isa = PBXFileReference; lastKnownFileType = sourcecode.cpp.cpp; name = "include_juce_audio_plugin_client_utils.cpp"; path = "../../JuceLibraryCode/include_juce_audio_plugin_client_utils.cpp"; sourceTree = "SOURCE_ROOT"; };
		6F9562CD1B83DA08C798E1F3 = {isa = PBXFileReference; lastKnownFileType = sourcecode.c.h; name = AppConfig.h; path = ../../JuceLibraryCode/AppConfig.h; sourceTree = "SOURCE_ROOT"; };
		747891010833E3D47F17BEFB = {isa = PBXFileReference; lastKnownFileType = file; name = "juce_graphics"; path = "../../../../../../../Library/JUCE/modules/juce_graphics"; sourceTree = "SOURCE_ROOT"; };
		755D2D2BE7879E4B25F41C92 = {isa = PBXFileReference; lastKnownFileType = wrapper.framework; name = AudioToolbox.framework; path = System/Library/Frameworks/AudioToolbox.framework; sourceTree = SDKROOT; };
		77FF916A243DA1E86D75898C = {isa = PBXFileReference; lastKnownFileType = sourcecode.cpp.objcpp; name = "include_juce_graphics.mm"; path = "../../JuceLibraryCode/include_juce_graphics.mm"; sourceTree = "SOURCE_ROOT"; };
		7DA7034A37D98F79AB6C1042 = {isa = PBXFileReference; lastKnownFileType = sourcecode.c.h; name = VolumePanel.h; path = ../../Source/VolumePanel.h; sourceTree = "SOURCE_ROOT"; };
		7F25898E9D74703D7316EFA7 = {isa = PBXFileReference; lastKnownFileType = sourcecode.cpp.objcpp; name = "include_juce_audio_plugin_client_VST_utils.mm"; path = "../../JuceLibraryCode/include_juce_audio_plugin_client_VST_utils.mm"; sourceTree = "SOURCE_ROOT"; };
		826BB2B4173907FAC8013C66 = {isa = PBXFileReference; lastKnownFileType = sourcecode.c.h; name = PlayCursorWindow.h; path = ../../Source/PlayCursorWindow.h; sourceTree = "SOURCE_ROOT"; };
		84E532A7020E9E66483C2DA0 = {isa = PBXFileReference; lastKnownFileType = sourcecode.cpp.objcpp; name = "include_juce_audio_basics.mm"; path = "../../JuceLibraryCode/include_juce_audio_basics.mm"; sourceTree = "SOURCE_ROOT"; };
		867F9EE753A9756789AEDA75 = {isa = PBXFileReference; lastKnownFileType = sourcecode.cpp.objcpp; name = "include_juce_events.mm"; path = "../../JuceLibraryCode/include_juce_events.mm"; sourceTree = "SOURCE_ROOT"; };
		890C34A6A2D022803C20F83A = {isa = PBXFileReference; lastKnownFileType = wrapper.framework; name = AVKit.framework; path = System/Library/Frameworks/AVKit.framework; sourceTree = SDKROOT; };
		89B439EC5BAC6FC09EBD56A5 = {isa = PBXFileReference; lastKnownFileType = file; name = "juce_video"; path = "../../../../../../../Library/JUCE/modules/juce_video"; sourceTree = "SOURCE_ROOT"; };
		A1874F7BBE13B7BE31601B48 = {isa = PBXFileReference; lastKnownFileType = sourcecode.cpp.objcpp; name = "include_juce_audio_devices.mm"; path = "../../JuceLibraryCode/include_juce_audio_devices.mm"; sourceTree = "SOURCE_ROOT"; };
		A272FD3A325F7313F887150F = {isa = PBXFileReference; lastKnownFileType = file; name = "juce_gui_extra"; path = "../../../../../../../Library/JUCE/modules/juce_gui_extra"; sourceTree = "SOURCE_ROOT"; };
		A9B9438D7B3DE3E6E582A488 = {isa = PBXFileReference; lastKnownFileType = wrapper.framework; name = WebKit.framework; path = System/Library/Frameworks/WebKit.framework; sourceTree = SDKROOT; };
		AA9CCB8341AA537DFB0962B2 = {isa = PBXFileReference; lastKnownFileType = wrapper.framework; name = QuartzCore.framework; path = System/Library/Frameworks/QuartzCore.framework; sourceTree = SDKROOT; };
		ACF4670398BF689CF1168D5A = {isa = PBXFileReference; lastKnownFileType = file; name = "juce_core"; path = "../../../../../../../Library/JUCE/modules/juce_core"; sourceTree = "SOURCE_ROOT"; };
		B2EBA83F9D6875B8541A0732 = {isa = PBXFileReference; lastKnownFileType = file.nib; name = RecentFilesMenuTemplate.nib; path = RecentFilesMenuTemplate.nib; sourceTree = "SOURCE_ROOT"; };
		BB54C83C776FC63F96D3625A = {isa = PBXFileReference; lastKnownFileType = wrapper.framework; name = CoreMedia.framework; path = System/Library/Frameworks/CoreMedia.framework; sourceTree = SDKROOT; };
		BC807DD61224B9544CA539F1 = {isa = PBXFileReference; lastKnownFileType = sourcecode.cpp.cpp; name = "include_juce_osc.cpp"; path = "../../JuceLibraryCode/include_juce_osc.cpp"; sourceTree = "SOURCE_ROOT"; };
		C1685C4FE8CA99EE3BCDC97C = {isa = PBXFileReference; lastKnownFileType = wrapper.framework; name = Cocoa.framework; path = System/Library/Frameworks/Cocoa.framework; sourceTree = SDKROOT; };
		CBF03A56B121A82BB3D16C15 = {isa = PBXFileReference; explicitFileType = wrapper.cfbundle; includeInIndex = 0; path = PianoRoller4.vst; sourceTree = "BUILT_PRODUCTS_DIR"; };
		CC241EBCC3ACDED9184ACAED = {isa = PBXFileReference; lastKnownFileType = wrapper.framework; name = AVFoundation.framework; path = System/Library/Frameworks/AVFoundation.framework; sourceTree = SDKROOT; };
		CE235B98E6C3BA17A8497AF2 = {isa = PBXFileReference; explicitFileType = wrapper.application; includeInIndex = 0; path = PianoRoller4.app; sourceTree = "BUILT_PRODUCTS_DIR"; };
		00732DDBB280984F9CF59D0B = {isa = PBXFileReference; explicitFileType = archive.ar; includeInIndex = 0; path = libPianoRoller4.a; sourceTree = "BUILT_PRODUCTS_DIR"; };
		CE6F8043D9C3C1D169CA8C36 = {isa = PBXFileReference; lastKnownFileType = file; name = "juce_audio_devices"; path = "../../../../../../../Library/JUCE/modules/juce_audio_devices"; sourceTree = "SOURCE_ROOT"; };
		DA5CB72624AF0EF3550F29C1 = {isa = PBXFileReference; lastKnownFileType = sourcecode.cpp.cpp; name = PianoRoll.cpp; path = ../../Source/PianoRoll.cpp; sourceTree = "SOURCE_ROOT"; };
		DD7117CD33E8BDEE339336F6 = {isa = PBXFileReference; lastKnownFileType = file; name = "juce_osc"; path = "../../../../../../../Library/JUCE/modules/juce_osc"; sourceTree = "SOURCE_ROOT"; };
		E3955DC13FEA039B46765BA9 = {isa = PBXFileReference; lastKnownFileType = sourcecode.cpp.objcpp; name = "include_juce_gui_basics.mm"; path = "../../JuceLibraryCode/include_juce_gui_basics.mm"; sourceTree = "SOURCE_ROOT"; };
		E6113F9A7DEFF10C95EE001E = {isa = PBXFileReference; lastKnownFileType = file; name = "juce_data_structures"; path = "../../../../../../../Library/JUCE/modules/juce_data_structures"; sourceTree = "SOURCE_ROOT"; };
		F2EFAF2497D8A80C8DD8DCC6 = {isa = PBXFileReference; lastKnownFileType = file; name = "juce_events"; path = "../../../../../../../Library/JUCE/modules/juce_events"; sourceTree = "SOURCE_ROOT"; };
		F97944D1AC2CE7FA278C41CC = {isa = PBXFileReference; lastKnownFileType = file; name = "juce_audio_formats"; path = "../../../../../../../Library/JUCE/modules/juce_audio_formats"; sourceTree = "SOURCE_ROOT"; };
		FBDBA784B9CB07679D2A7E82 = {isa = PBXFileReference; lastKnownFileType = sourcecode.cpp.objcpp; name = "include_juce_data_structures.mm"; path = "../../JuceLibraryCode/include_juce_data_structures.mm"; sourceTree = "SOURCE_ROOT"; };
		FFFA84C2C67E13477C424C79 = {isa = PBXFileReference; lastKnownFileType = text.plist.xml; name = "Info-Standalone_Plugin.plist"; path = "Info-Standalone_Plugin.plist"; sourceTree = "SOURCE_ROOT"; };
		5A9695969C6ADC86257FCC7D = {isa = PBXGroup; children = (
					14E68B09AB1BB1AE2C3AB689,
					5AAC5A9564E8475C72544AB3,
					4F8CDD66F0098DCC419839F2,
					03DCAEB7678EAE498310AC60,
					DA5CB72624AF0EF3550F29C1,
					4B6D308CC1FA2A67F275F95B,
					4A3B9D03550A6D6F658A6DAE,
					826BB2B4173907FAC8013C66,
					2D89EAE3D417DE478B26DC0D,
					7DA7034A37D98F79AB6C1042,
					2C747B48505E083CDA743F46,
					3F9C4DADA58961B467A11F2E, ); name = Source; sourceTree = "<group>"; };
		8201F852B2D0A97E2C215FBC = {isa = PBXGroup; children = (
					5A9695969C6ADC86257FCC7D, ); name = PianoRoller4; sourceTree = "<group>"; };
		D5B8FEBFA59B893CAFCBB64D = {isa = PBXGroup; children = (
					3C406D49A46612E8792BC7BC,
					CE6F8043D9C3C1D169CA8C36,
					F97944D1AC2CE7FA278C41CC,
					3D30211A0FDD5E3ED13F5EA1,
					1864787FA059546FA39B6149,
					577C312E742EBB3108441390,
					ACF4670398BF689CF1168D5A,
					33DB79626DB9FE6D24A6BC67,
					E6113F9A7DEFF10C95EE001E,
					F2EFAF2497D8A80C8DD8DCC6,
					747891010833E3D47F17BEFB,
					6AC39CF5EEB37CEEE45FFE8E,
					A272FD3A325F7313F887150F,
					48125D51DE9B957CAEC760D7,
					DD7117CD33E8BDEE339336F6,
					89B439EC5BAC6FC09EBD56A5, ); name = "JUCE Modules"; sourceTree = "<group>"; };
		FA9EA59D51D1529EC9DCEC74 = {isa = PBXGroup; children = (
					6F9562CD1B83DA08C798E1F3,
					84E532A7020E9E66483C2DA0,
					A1874F7BBE13B7BE31601B48,
					5F1D5CF91FD139B441C48E5E,
					2520DF50DF437630BC13EE8B,
					6BDA5291417AA66474356796,
					7F25898E9D74703D7316EFA7,
					4EE3794F5CD8BAB9E35A7F65,
					48587E09FA6B8C5D17F64D90,
					0D73A744C3552498E7BEFFC9,
					5405FF4502ECDF2B2A8A7F93,
					3B1BAD9B7818EB42057B368B,
					FBDBA784B9CB07679D2A7E82,
					867F9EE753A9756789AEDA75,
					77FF916A243DA1E86D75898C,
					E3955DC13FEA039B46765BA9,
					1B8B17B2443D8CDAA12ACAA5,
					1130EF46500EDBD328DBB291,
					BC807DD61224B9544CA539F1,
					135E36AE07CC4BB6FBC84E82,
					1A37DDB31C784FFB3D0DBA85, ); name = "JUCE Library Code"; sourceTree = "<group>"; };
		6EACC5DBE6DC3C7C9B25F144 = {isa = PBXGroup; children = (
					4F82155965D80B70BEE915F4,
					FFFA84C2C67E13477C424C79,
					B2EBA83F9D6875B8541A0732, ); name = Resources; sourceTree = "<group>"; };
		6A6B2341EABEB105DAE6E6D5 = {isa = PBXGroup; children = (
					69DBA1D631DC27C7DEC0576B,
					755D2D2BE7879E4B25F41C92,
					CC241EBCC3ACDED9184ACAED,
					890C34A6A2D022803C20F83A,
					3643E537FF392AEC61301126,
					C1685C4FE8CA99EE3BCDC97C,
					0D4A65205648EBB2C984018C,
					BB54C83C776FC63F96D3625A,
					648142DA1E127A139CEC0F99,
					43290C52C5EE1665D143A89B,
					65AF61E3628B45CA2984EFDE,
					423086084E81761550E79AAF,
					AA9CCB8341AA537DFB0962B2,
					A9B9438D7B3DE3E6E582A488, ); name = Frameworks; sourceTree = "<group>"; };
		9F8B337AC10B18FC5DA24F28 = {isa = PBXGroup; children = (
					CBF03A56B121A82BB3D16C15,
					CE235B98E6C3BA17A8497AF2,
					00732DDBB280984F9CF59D0B, ); name = Products; sourceTree = "<group>"; };
		D41E858EE377EBF5EFE3E460 = {isa = PBXGroup; children = (
					00842D893F2C7808F0A358FC,
					8201F852B2D0A97E2C215FBC,
					D5B8FEBFA59B893CAFCBB64D,
					FA9EA59D51D1529EC9DCEC74,
					6EACC5DBE6DC3C7C9B25F144,
					6A6B2341EABEB105DAE6E6D5,
					9F8B337AC10B18FC5DA24F28, ); name = Source; sourceTree = "<group>"; };
		3C3786FA41C8C76336DB08F9 = {isa = XCBuildConfiguration; buildSettings = {
				MACOSX_DEPLOYMENT_TARGET = 10.11; }; name = Debug; };
		8F7668F9843B5F15087EC418 = {isa = XCBuildConfiguration; buildSettings = {
				MACOSX_DEPLOYMENT_TARGET = 10.11; }; name = Release; };
		805C9D7A7C7D40255B25E74D = {isa = XCBuildConfiguration; buildSettings = {
				CLANG_CXX_LANGUAGE_STANDARD = "c++14";
				CLANG_LINK_OBJC_RUNTIME = NO;
				COMBINE_HIDPI_IMAGES = YES;
				CONFIGURATION_BUILD_DIR = "$(PROJECT_DIR)/build/$(CONFIGURATION)";
				COPY_PHASE_STRIP = NO;
				DEPLOYMENT_LOCATION = YES;
				DSTROOT = /;
				GCC_DYNAMIC_NO_PIC = NO;
				GCC_OPTIMIZATION_LEVEL = 0;
				GCC_PREPROCESSOR_DEFINITIONS = (
					"_DEBUG=1",
					"DEBUG=1",
					"JUCER_XCODE_MAC_F6D2F4CF=1",
					"JUCE_APP_VERSION=1.0.0",
					"JUCE_APP_VERSION_HEX=0x10000",
					"JucePlugin_Build_VST=1",
					"JucePlugin_Build_VST3=0",
					"JucePlugin_Build_AU=0",
					"JucePlugin_Build_AUv3=0",
					"JucePlugin_Build_RTAS=0",
					"JucePlugin_Build_AAX=0",
					"JucePlugin_Build_Standalone=0", );
				GCC_VERSION = com.apple.compilers.llvm.clang.1_0;
				GENERATE_PKGINFO_FILE = YES;
				HEADER_SEARCH_PATHS = ("../../JuceLibraryCode", "../../../../../../../Library/JUCE/modules", "../../../../../../../Library/JUCE/modules/juce_audio_plugin_client", "$(inherited)");
				INFOPLIST_FILE = Info-VST.plist;
				INFOPLIST_PREPROCESS = NO;
				INSTALL_PATH = "$(HOME)/Library/Audio/Plug-Ins/VST/";
				LIBRARY_STYLE = Bundle;
				MACOSX_DEPLOYMENT_TARGET = 10.11;
				MACOSX_DEPLOYMENT_TARGET_ppc = 10.4;
				OTHER_LDFLAGS = "-bundle -lPianoRoller4";
				PRODUCT_BUNDLE_IDENTIFIER = com.yourcompany.PianoRoller4;
				SDKROOT_ppc = macosx10.5;
				USE_HEADERMAP = NO;
				WRAPPER_EXTENSION = vst; }; name = Debug; };
		25C1503459881892E8017B4A = {isa = XCBuildConfiguration; buildSettings = {
				CLANG_CXX_LANGUAGE_STANDARD = "c++14";
				CLANG_LINK_OBJC_RUNTIME = NO;
				COMBINE_HIDPI_IMAGES = YES;
				CONFIGURATION_BUILD_DIR = "$(PROJECT_DIR)/build/$(CONFIGURATION)";
				DEAD_CODE_STRIPPING = YES;
				DEPLOYMENT_LOCATION = YES;
				DSTROOT = /;
				GCC_GENERATE_DEBUGGING_SYMBOLS = NO;
				GCC_OPTIMIZATION_LEVEL = 3;
				GCC_PREPROCESSOR_DEFINITIONS = (
					"_NDEBUG=1",
					"NDEBUG=1",
					"JUCER_XCODE_MAC_F6D2F4CF=1",
					"JUCE_APP_VERSION=1.0.0",
					"JUCE_APP_VERSION_HEX=0x10000",
					"JucePlugin_Build_VST=1",
					"JucePlugin_Build_VST3=0",
					"JucePlugin_Build_AU=0",
					"JucePlugin_Build_AUv3=0",
					"JucePlugin_Build_RTAS=0",
					"JucePlugin_Build_AAX=0",
					"JucePlugin_Build_Standalone=0", );
				GCC_SYMBOLS_PRIVATE_EXTERN = YES;
				GCC_VERSION = com.apple.compilers.llvm.clang.1_0;
				GENERATE_PKGINFO_FILE = YES;
				HEADER_SEARCH_PATHS = ("../../JuceLibraryCode", "../../../../../../../Library/JUCE/modules", "../../../../../../../Library/JUCE/modules/juce_audio_plugin_client", "$(inherited)");
				INFOPLIST_FILE = Info-VST.plist;
				INFOPLIST_PREPROCESS = NO;
				INSTALL_PATH = "$(HOME)/Library/Audio/Plug-Ins/VST/";
				LIBRARY_STYLE = Bundle;
				LLVM_LTO = YES;
				MACOSX_DEPLOYMENT_TARGET = 10.11;
				MACOSX_DEPLOYMENT_TARGET_ppc = 10.4;
				OTHER_LDFLAGS = "-bundle -lPianoRoller4";
				PRODUCT_BUNDLE_IDENTIFIER = com.yourcompany.PianoRoller4;
				SDKROOT_ppc = macosx10.5;
				USE_HEADERMAP = NO;
				WRAPPER_EXTENSION = vst; }; name = Release; };
		DC388A426F7933433630A29A = {isa = XCBuildConfiguration; buildSettings = {
				CLANG_CXX_LANGUAGE_STANDARD = "c++14";
				CLANG_LINK_OBJC_RUNTIME = NO;
				COMBINE_HIDPI_IMAGES = YES;
				CONFIGURATION_BUILD_DIR = "$(PROJECT_DIR)/build/$(CONFIGURATION)";
				COPY_PHASE_STRIP = NO;
				GCC_DYNAMIC_NO_PIC = NO;
				GCC_OPTIMIZATION_LEVEL = 0;
				GCC_PREPROCESSOR_DEFINITIONS = (
					"_DEBUG=1",
					"DEBUG=1",
					"JUCER_XCODE_MAC_F6D2F4CF=1",
					"JUCE_APP_VERSION=1.0.0",
					"JUCE_APP_VERSION_HEX=0x10000",
					"JucePlugin_Build_VST=0",
					"JucePlugin_Build_VST3=0",
					"JucePlugin_Build_AU=0",
					"JucePlugin_Build_AUv3=0",
					"JucePlugin_Build_RTAS=0",
					"JucePlugin_Build_AAX=0",
					"JucePlugin_Build_Standalone=1", );
				GCC_VERSION = com.apple.compilers.llvm.clang.1_0;
				HEADER_SEARCH_PATHS = ("../../JuceLibraryCode", "../../../../../../../Library/JUCE/modules", "../../../../../../../Library/JUCE/modules/juce_audio_plugin_client", "$(inherited)");
				INFOPLIST_FILE = Info-Standalone_Plugin.plist;
				INFOPLIST_PREPROCESS = NO;
				MACOSX_DEPLOYMENT_TARGET = 10.11;
				MACOSX_DEPLOYMENT_TARGET_ppc = 10.4;
				OTHER_LDFLAGS = "-lPianoRoller4";
				PRODUCT_BUNDLE_IDENTIFIER = com.yourcompany.PianoRoller4;
				SDKROOT_ppc = macosx10.5;
				USE_HEADERMAP = NO; }; name = Debug; };
		FBF85FD83FDA06CEA7DCB9F6 = {isa = XCBuildConfiguration; buildSettings = {
				CLANG_CXX_LANGUAGE_STANDARD = "c++14";
				CLANG_LINK_OBJC_RUNTIME = NO;
				COMBINE_HIDPI_IMAGES = YES;
				CONFIGURATION_BUILD_DIR = "$(PROJECT_DIR)/build/$(CONFIGURATION)";
				DEAD_CODE_STRIPPING = YES;
				GCC_GENERATE_DEBUGGING_SYMBOLS = NO;
				GCC_OPTIMIZATION_LEVEL = 3;
				GCC_PREPROCESSOR_DEFINITIONS = (
					"_NDEBUG=1",
					"NDEBUG=1",
					"JUCER_XCODE_MAC_F6D2F4CF=1",
					"JUCE_APP_VERSION=1.0.0",
					"JUCE_APP_VERSION_HEX=0x10000",
					"JucePlugin_Build_VST=0",
					"JucePlugin_Build_VST3=0",
					"JucePlugin_Build_AU=0",
					"JucePlugin_Build_AUv3=0",
					"JucePlugin_Build_RTAS=0",
					"JucePlugin_Build_AAX=0",
					"JucePlugin_Build_Standalone=1", );
				GCC_SYMBOLS_PRIVATE_EXTERN = YES;
				GCC_VERSION = com.apple.compilers.llvm.clang.1_0;
				HEADER_SEARCH_PATHS = ("../../JuceLibraryCode", "../../../../../../../Library/JUCE/modules", "../../../../../../../Library/JUCE/modules/juce_audio_plugin_client", "$(inherited)");
				INFOPLIST_FILE = Info-Standalone_Plugin.plist;
				INFOPLIST_PREPROCESS = NO;
				LLVM_LTO = YES;
				MACOSX_DEPLOYMENT_TARGET = 10.11;
				MACOSX_DEPLOYMENT_TARGET_ppc = 10.4;
				OTHER_LDFLAGS = "-lPianoRoller4";
				PRODUCT_BUNDLE_IDENTIFIER = com.yourcompany.PianoRoller4;
				SDKROOT_ppc = macosx10.5;
				USE_HEADERMAP = NO; }; name = Release; };
		F5FCE43FB61E533084D42FE0 = {isa = XCBuildConfiguration; buildSettings = {
				CLANG_CXX_LANGUAGE_STANDARD = "c++14";
				CLANG_LINK_OBJC_RUNTIME = NO;
				COMBINE_HIDPI_IMAGES = YES;
				CONFIGURATION_BUILD_DIR = "$(PROJECT_DIR)/build/$(CONFIGURATION)";
				COPY_PHASE_STRIP = NO;
				GCC_DYNAMIC_NO_PIC = NO;
				GCC_OPTIMIZATION_LEVEL = 0;
				GCC_PREPROCESSOR_DEFINITIONS = (
					"_DEBUG=1",
					"DEBUG=1",
					"JUCER_XCODE_MAC_F6D2F4CF=1",
					"JUCE_APP_VERSION=1.0.0",
					"JUCE_APP_VERSION_HEX=0x10000",
					"JucePlugin_Build_VST=1",
					"JucePlugin_Build_VST3=0",
					"JucePlugin_Build_AU=0",
					"JucePlugin_Build_AUv3=0",
					"JucePlugin_Build_RTAS=0",
					"JucePlugin_Build_AAX=0",
					"JucePlugin_Build_Standalone=1",
					"JUCE_SHARED_CODE=1", );
				GCC_VERSION = com.apple.compilers.llvm.clang.1_0;
				HEADER_SEARCH_PATHS = ("../../JuceLibraryCode", "../../../../../../../Library/JUCE/modules", "../../../../../../../Library/JUCE/modules/juce_audio_plugin_client", "$(inherited)");
				INSTALL_PATH = "@executable_path/../Frameworks";
				MACOSX_DEPLOYMENT_TARGET = 10.11;
				MACOSX_DEPLOYMENT_TARGET_ppc = 10.4;
				PRODUCT_BUNDLE_IDENTIFIER = com.yourcompany.PianoRoller4;
				SDKROOT_ppc = macosx10.5;
				USE_HEADERMAP = NO; }; name = Debug; };
		219263C583A036A43D076610 = {isa = XCBuildConfiguration; buildSettings = {
				CLANG_CXX_LANGUAGE_STANDARD = "c++14";
				CLANG_LINK_OBJC_RUNTIME = NO;
				COMBINE_HIDPI_IMAGES = YES;
				CONFIGURATION_BUILD_DIR = "$(PROJECT_DIR)/build/$(CONFIGURATION)";
				DEAD_CODE_STRIPPING = YES;
				GCC_GENERATE_DEBUGGING_SYMBOLS = NO;
				GCC_OPTIMIZATION_LEVEL = 3;
				GCC_PREPROCESSOR_DEFINITIONS = (
					"_NDEBUG=1",
					"NDEBUG=1",
					"JUCER_XCODE_MAC_F6D2F4CF=1",
					"JUCE_APP_VERSION=1.0.0",
					"JUCE_APP_VERSION_HEX=0x10000",
					"JucePlugin_Build_VST=1",
					"JucePlugin_Build_VST3=0",
					"JucePlugin_Build_AU=0",
					"JucePlugin_Build_AUv3=0",
					"JucePlugin_Build_RTAS=0",
					"JucePlugin_Build_AAX=0",
					"JucePlugin_Build_Standalone=1",
					"JUCE_SHARED_CODE=1", );
				GCC_SYMBOLS_PRIVATE_EXTERN = YES;
				GCC_VERSION = com.apple.compilers.llvm.clang.1_0;
				HEADER_SEARCH_PATHS = ("../../JuceLibraryCode", "../../../../../../../Library/JUCE/modules", "../../../../../../../Library/JUCE/modules/juce_audio_plugin_client", "$(inherited)");
				INSTALL_PATH = "@executable_path/../Frameworks";
				LLVM_LTO = YES;
				MACOSX_DEPLOYMENT_TARGET = 10.11;
				MACOSX_DEPLOYMENT_TARGET_ppc = 10.4;
				PRODUCT_BUNDLE_IDENTIFIER = com.yourcompany.PianoRoller4;
				SDKROOT_ppc = macosx10.5;
				USE_HEADERMAP = NO; }; name = Release; };
		2BDE33FA68122F3B4F8D314A = {isa = XCBuildConfiguration; buildSettings = {
				ALWAYS_SEARCH_USER_PATHS = NO;
				CLANG_WARN_BLOCK_CAPTURE_AUTORELEASING = YES;
				CLANG_WARN_BOOL_CONVERSION = YES;
				CLANG_WARN_COMMA = YES;
				CLANG_WARN_CONSTANT_CONVERSION = YES;
				CLANG_WARN_EMPTY_BODY = YES;
				CLANG_WARN_ENUM_CONVERSION = YES;
				CLANG_WARN_INFINITE_RECURSION = YES;
				CLANG_WARN_INT_CONVERSION = YES;
				CLANG_WARN_NON_LITERAL_NULL_CONVERSION = YES;
				CLANG_WARN_OBJC_LITERAL_CONVERSION = YES;
				CLANG_WARN_RANGE_LOOP_ANALYSIS = YES;
				CLANG_WARN_STRICT_PROTOTYPES = YES;
				CLANG_WARN_SUSPICIOUS_MOVE = YES;
				CLANG_WARN_UNREACHABLE_CODE = YES;
				CLANG_WARN__DUPLICATE_METHOD_MATCH = YES;
				DEBUG_INFORMATION_FORMAT = "dwarf";
				ENABLE_STRICT_OBJC_MSGSEND = YES;
				ENABLE_TESTABILITY = YES;
				GCC_C_LANGUAGE_STANDARD = c11;
				GCC_INLINES_ARE_PRIVATE_EXTERN = YES;
				GCC_MODEL_TUNING = G5;
				GCC_NO_COMMON_BLOCKS = YES;
				GCC_WARN_64_TO_32_BIT_CONVERSION = YES;
				GCC_WARN_ABOUT_RETURN_TYPE = YES;
				GCC_WARN_CHECK_SWITCH_STATEMENTS = YES;
				GCC_WARN_MISSING_PARENTHESES = YES;
				GCC_WARN_NON_VIRTUAL_DESTRUCTOR = YES;
				GCC_WARN_TYPECHECK_CALLS_TO_PRINTF = YES;
				GCC_WARN_UNDECLARED_SELECTOR = YES;
				GCC_WARN_UNINITIALIZED_AUTOS = YES;
				GCC_WARN_UNUSED_FUNCTION = YES;
				GCC_WARN_UNUSED_VARIABLE = YES;
				ONLY_ACTIVE_ARCH = YES;
				PRODUCT_NAME = "PianoRoller4";
				WARNING_CFLAGS = -Wreorder;
				ZERO_LINK = NO; }; name = Debug; };
		4F3E1AF0E27B0787EE06354E = {isa = XCBuildConfiguration; buildSettings = {
				ALWAYS_SEARCH_USER_PATHS = NO;
				CLANG_WARN_BLOCK_CAPTURE_AUTORELEASING = YES;
				CLANG_WARN_BOOL_CONVERSION = YES;
				CLANG_WARN_COMMA = YES;
				CLANG_WARN_CONSTANT_CONVERSION = YES;
				CLANG_WARN_EMPTY_BODY = YES;
				CLANG_WARN_ENUM_CONVERSION = YES;
				CLANG_WARN_INFINITE_RECURSION = YES;
				CLANG_WARN_INT_CONVERSION = YES;
				CLANG_WARN_NON_LITERAL_NULL_CONVERSION = YES;
				CLANG_WARN_OBJC_LITERAL_CONVERSION = YES;
				CLANG_WARN_RANGE_LOOP_ANALYSIS = YES;
				CLANG_WARN_STRICT_PROTOTYPES = YES;
				CLANG_WARN_SUSPICIOUS_MOVE = YES;
				CLANG_WARN_UNREACHABLE_CODE = YES;
				CLANG_WARN__DUPLICATE_METHOD_MATCH = YES;
				DEBUG_INFORMATION_FORMAT = "dwarf";
				ENABLE_STRICT_OBJC_MSGSEND = YES;
				GCC_C_LANGUAGE_STANDARD = c11;
				GCC_INLINES_ARE_PRIVATE_EXTERN = YES;
				GCC_MODEL_TUNING = G5;
				GCC_NO_COMMON_BLOCKS = YES;
				GCC_WARN_64_TO_32_BIT_CONVERSION = YES;
				GCC_WARN_ABOUT_RETURN_TYPE = YES;
				GCC_WARN_CHECK_SWITCH_STATEMENTS = YES;
				GCC_WARN_MISSING_PARENTHESES = YES;
				GCC_WARN_NON_VIRTUAL_DESTRUCTOR = YES;
				GCC_WARN_TYPECHECK_CALLS_TO_PRINTF = YES;
				GCC_WARN_UNDECLARED_SELECTOR = YES;
				GCC_WARN_UNINITIALIZED_AUTOS = YES;
				GCC_WARN_UNUSED_FUNCTION = YES;
				GCC_WARN_UNUSED_VARIABLE = YES;
				PRODUCT_NAME = "PianoRoller4";
				WARNING_CFLAGS = -Wreorder;
				ZERO_LINK = NO; }; name = Release; };
		ED79A4A548FC499CE94123B2 = {isa = PBXTargetDependency; target = 45366DC973B1FA250CE64001; };
		2F5431C7C3ACBB9EFE068552 = {isa = PBXTargetDependency; target = B4342E8B48DB429B96DD6E5D; };
		2FA2E169B1C39554993D2099 = {isa = PBXTargetDependency; target = 60C3455F57060CEF80865C53; };
		992005C36250177AA1BBE438 = {isa = XCConfigurationList; buildConfigurations = (
					2BDE33FA68122F3B4F8D314A,
					4F3E1AF0E27B0787EE06354E, ); defaultConfigurationIsVisible = 0; defaultConfigurationName = Debug; };
		C07DC524D286F59DA8A066B0 = {isa = XCConfigurationList; buildConfigurations = (
					3C3786FA41C8C76336DB08F9,
					8F7668F9843B5F15087EC418, ); defaultConfigurationIsVisible = 0; defaultConfigurationName = Debug; };
		4F9DB0F4B2F55DAC90878B1F = {isa = PBXAggregateTarget; buildConfigurationList = C07DC524D286F59DA8A066B0; buildPhases = (  ); buildRules = ( ); dependencies = (
					ED79A4A548FC499CE94123B2,
					2F5431C7C3ACBB9EFE068552,
					2FA2E169B1C39554993D2099, ); name = "PianoRoller4 - All"; productName = PianoRoller4; };
		CB36AD2AB61E6530D8591ECE = {isa = XCConfigurationList; buildConfigurations = (
					805C9D7A7C7D40255B25E74D,
					25C1503459881892E8017B4A, ); defaultConfigurationIsVisible = 0; defaultConfigurationName = Debug; };
		FE4AF3648564A92552E08067 = {isa = PBXResourcesBuildPhase; buildActionMask = 2147483647; files = (
					E26A4A24385E80FBF5D6E067, ); runOnlyForDeploymentPostprocessing = 0; };
		9B6A57734CD8775BA3126415 = {isa = PBXSourcesBuildPhase; buildActionMask = 2147483647; files = (
					2C856D612A507080902C5F3E, ); runOnlyForDeploymentPostprocessing = 0; };
		9709394D8B6DA4D9CD6B8E93 = {isa = PBXFrameworksBuildPhase; buildActionMask = 2147483647; files = (
					0CA8B06AA17AA56812083884,
					F60D52B87DF1CD85EC88C2F3,
					8AA4B97FD3A450E114EA7F38,
					AE7885B20B4BB73913D22A0D,
					689029B2C317809C19385370,
					04B23828041574327B1B4FC1,
					C9C2EBF3C0123626D6E36A66,
					8D8D78F9436B3FA7BD3E1FEC,
					59F31E5C03AA4246D3588ABC,
					BDFEF958EC970568DCBC965E,
					FF6091F46508E561E83B2AAE,
					B427A454AEE09766D107A1A1,
					73AD26FCDF96BC0945775A6F,
					73F07F29B9C7AD3C24C343BC, ); runOnlyForDeploymentPostprocessing = 0; };
		45366DC973B1FA250CE64001 = {isa = PBXNativeTarget; buildConfigurationList = CB36AD2AB61E6530D8591ECE; buildPhases = (
					FE4AF3648564A92552E08067,
					9B6A57734CD8775BA3126415,
					9709394D8B6DA4D9CD6B8E93, ); buildRules = ( ); dependencies = (
					2FA2E169B1C39554993D2099, ); name = "PianoRoller4 - VST"; productName = PianoRoller4; productReference = CBF03A56B121A82BB3D16C15; productType = "com.apple.product-type.bundle"; };
		DE343B368D92530E6B91D1DD = {isa = XCConfigurationList; buildConfigurations = (
					DC388A426F7933433630A29A,
					FBF85FD83FDA06CEA7DCB9F6, ); defaultConfigurationIsVisible = 0; defaultConfigurationName = Debug; };
		969E0F709D511F4A733F3647 = {isa = PBXResourcesBuildPhase; buildActionMask = 2147483647; files = (
					E26A4A24385E80FBF5D6E067, ); runOnlyForDeploymentPostprocessing = 0; };
		B45DB806F8884B540F525382 = {isa = PBXSourcesBuildPhase; buildActionMask = 2147483647; files = (
					0A501EFE17F16CDD8814817E, ); runOnlyForDeploymentPostprocessing = 0; };
		542AEAC15D396D02800B568C = {isa = PBXFrameworksBuildPhase; buildActionMask = 2147483647; files = (
					0CA8B06AA17AA56812083884,
					F60D52B87DF1CD85EC88C2F3,
					8AA4B97FD3A450E114EA7F38,
					AE7885B20B4BB73913D22A0D,
					689029B2C317809C19385370,
					04B23828041574327B1B4FC1,
					C9C2EBF3C0123626D6E36A66,
					8D8D78F9436B3FA7BD3E1FEC,
					59F31E5C03AA4246D3588ABC,
					BDFEF958EC970568DCBC965E,
					FF6091F46508E561E83B2AAE,
					B427A454AEE09766D107A1A1,
					73AD26FCDF96BC0945775A6F,
					73F07F29B9C7AD3C24C343BC, ); runOnlyForDeploymentPostprocessing = 0; };
		B4342E8B48DB429B96DD6E5D = {isa = PBXNativeTarget; buildConfigurationList = DE343B368D92530E6B91D1DD; buildPhases = (
					969E0F709D511F4A733F3647,
					B45DB806F8884B540F525382,
					542AEAC15D396D02800B568C, ); buildRules = ( ); dependencies = (
					2FA2E169B1C39554993D2099, ); name = "PianoRoller4 - Standalone Plugin"; productName = PianoRoller4; productReference = CE235B98E6C3BA17A8497AF2; productType = "com.apple.product-type.application"; };
		C159E7EC4F0892F3B6DA139B = {isa = XCConfigurationList; buildConfigurations = (
					F5FCE43FB61E533084D42FE0,
					219263C583A036A43D076610, ); defaultConfigurationIsVisible = 0; defaultConfigurationName = Debug; };
		0C468AC9DA53C318A8A06B85 = {isa = PBXSourcesBuildPhase; buildActionMask = 2147483647; files = (
					7F1454A42F9DA74355A46B73,
					E34BFF6D9F3D9B51A45F48B8,
					9FE9378206077D34E362D41C,
					94C3D28312E2FEF6481781F2,
					6C98181D232E1D71ECD9D268,
					8C9716102C7F4F3ECE87A3F6,
					B1B1E80D1D9AA758C4BAF2EF,
					4FD05CECCC6705A201117F24,
					67DA4A6C9DC381B6A9B4A0E5,
					D2F2663137F9F049C7B8AA45,
					2DA1C60D500D8EB435870CEE,
					5836B203468CF7F799CD9ED5,
					2B96BAD34EEF17C9161ED360,
					7024EBD8383E7A958821458B,
					3DE903A09218244AE10C099D,
					DF2CEDDA1986E9D6C54AC11C,
					AAC1F48F78BF213319AF8ADB,
					D819555830F37FA3A51DF8CD,
					A11F037D94823914CC519BBC,
					FB8B2A8FDFDF417AA5A41C4A,
					AF3345EDC25598CD0D8A6171,
					BBD1683BAB9A093CD3A436C4,
					5F34B83F92B443FFDFA2669F, ); runOnlyForDeploymentPostprocessing = 0; };
		60C3455F57060CEF80865C53 = {isa = PBXNativeTarget; buildConfigurationList = C159E7EC4F0892F3B6DA139B; buildPhases = (
					0C468AC9DA53C318A8A06B85, ); buildRules = ( ); dependencies = (  ); name = "PianoRoller4 - Shared Code"; productName = PianoRoller4; productReference = 00732DDBB280984F9CF59D0B; productType = "com.apple.product-type.library.static"; };
		B2CF7E4878923A22ED20AA80 = {isa = PBXProject; buildConfigurationList = 992005C36250177AA1BBE438; attributes = { LastUpgradeCheck = 0830; ORGANIZATIONNAME = ""; TargetAttributes = { 4F9DB0F4B2F55DAC90878B1F = { SystemCapabilities = {com.apple.ApplicationGroups.iOS = { enabled = 0; }; com.apple.InAppPurchase = { enabled = 0; }; com.apple.InterAppAudio = { enabled = 0; }; com.apple.Push = { enabled = 0; }; com.apple.Sandbox = { enabled = 0; }; }; };45366DC973B1FA250CE64001 = { SystemCapabilities = {com.apple.ApplicationGroups.iOS = { enabled = 0; }; com.apple.InAppPurchase = { enabled = 0; }; com.apple.InterAppAudio = { enabled = 0; }; com.apple.Push = { enabled = 0; }; com.apple.Sandbox = { enabled = 0; }; }; };B4342E8B48DB429B96DD6E5D = { SystemCapabilities = {com.apple.ApplicationGroups.iOS = { enabled = 0; }; com.apple.InAppPurchase = { enabled = 0; }; com.apple.InterAppAudio = { enabled = 0; }; com.apple.Push = { enabled = 0; }; com.apple.Sandbox = { enabled = 0; }; }; };60C3455F57060CEF80865C53 = { SystemCapabilities = {com.apple.ApplicationGroups.iOS = { enabled = 0; }; com.apple.InAppPurchase = { enabled = 0; }; com.apple.InterAppAudio = { enabled = 0; }; com.apple.Push = { enabled = 0; }; com.apple.Sandbox = { enabled = 0; }; }; }; }; }; compatibilityVersion = "Xcode 3.2"; hasScannedForEncodings = 0; mainGroup = D41E858EE377EBF5EFE3E460; projectDirPath = ""; projectRoot = ""; targets = (4F9DB0F4B2F55DAC90878B1F, 45366DC973B1FA250CE64001, B4342E8B48DB429B96DD6E5D, 60C3455F57060CEF80865C53); };
	};
	rootObject = B2CF7E4878923A22ED20AA80;
}
