// !$*UTF8*$!
{
	archiveVersion = 1;
	classes = {
	};
	objectVersion = 46;
	objects = {

		EF915F11A502FAA57900EADF = {isa = PBXBuildFile; fileRef = 144CBF089B1C056D3A6FAC7F; };
		BD12B330676C5C096ED5A8AA = {isa = PBXBuildFile; fileRef = 7F7AD37D9AD5277ACF1C92F8; };
		9BB829234CB1CC5979F3A7C9 = {isa = PBXBuildFile; fileRef = C86AA5DC17BB293E62F9DB00; };
		16490751197138115D721095 = {isa = PBXBuildFile; fileRef = 406665BABE7819DAA6C3BA0B; };
		0DB9963017DB90F745E87D62 = {isa = PBXBuildFile; fileRef = 87526858DBBB1A393B4D1977; };
		EF03E2671BCD7DA3039C0FE4 = {isa = PBXBuildFile; fileRef = 5EE89953E4E6BB138E757A7B; };
		3B2E8D89D80EC5FE1EAC8EB5 = {isa = PBXBuildFile; fileRef = 72BC708602B550FF774D6797; };
		515105A171BCCA6E1001C590 = {isa = PBXBuildFile; fileRef = 222721758763C010175597A0; };
		86EB2673EA4FF9385FA84387 = {isa = PBXBuildFile; fileRef = 6F0A4B104D5FFD52B633D108; };
		3EE1A80A629AAE2361D0CECF = {isa = PBXBuildFile; fileRef = 090F29BEE4BDA5E19B9547E4; };
		65F4D044A9EF5E86F65169BC = {isa = PBXBuildFile; fileRef = 8165E49F0FD3ABCB20AC2815; };
		B1D13B2650E005A4977A02A1 = {isa = PBXBuildFile; fileRef = 7ACB06F8115F0354BE610EC6; };
		8ACB12959432C487DC2A9888 = {isa = PBXBuildFile; fileRef = 6E906CF2483410FE96D46E1D; };
		9990F25B8530D2AE248CA62A = {isa = PBXBuildFile; fileRef = CA68952B6BFF5800BE2A2A90; };
		AF4BCFEF5C8CFDC54743BEA2 = {isa = PBXBuildFile; fileRef = D1ACAC5A0FDAC2DED68002D5; };
		0F40FFAF199CF5F8F3DCD448 = {isa = PBXBuildFile; fileRef = F3E996D5119D0E0A59C98BD4; };
		46C81B011E955C2454620E96 = {isa = PBXBuildFile; fileRef = 09EC4510B457C30E7F3D73F7; };
		CF8154290F9910F98D46139F = {isa = PBXBuildFile; fileRef = 2BA978BCDBB917EF37A56E2B; };
		1017EAE4496B00D9487A5DE3 = {isa = PBXBuildFile; fileRef = 35AC81F0F0A20187DFC93A5E; };
		9F4D4B1E9905B390F27B2FDB = {isa = PBXBuildFile; fileRef = 0238489232330C443F36EB50; };
		2FA8F25D1E140E74B4A15893 = {isa = PBXBuildFile; fileRef = E1C6795359944D810470645C; };
		172DC0F5F6ADF002A3E8856C = {isa = PBXBuildFile; fileRef = 49B70251D233E89EF75670A1; };
		7EB4C0B28D40B837821691AC = {isa = PBXBuildFile; fileRef = DBA3C1F867F0DDEC5533D320; };
		D04545B83B9878457C4B856D = {isa = PBXBuildFile; fileRef = D45E812E2814CAFC74E7DD26; };
		AFC94B6F2E39ACBBCA25DEF6 = {isa = PBXBuildFile; fileRef = C6F8BC16E03AB8C9991CFABD; };
		8CE0FA2003493B5D22A570EC = {isa = PBXBuildFile; fileRef = 0CC9A0862275097C91C97FC3; };
		9940FA6150A78C8F3BB66923 = {isa = PBXBuildFile; fileRef = F74115D0C31D670867DF1F24; };
		0D8D7A34B7CF9312045D2703 = {isa = PBXBuildFile; fileRef = 7865D9B36396E0C38BA57C3C; };
		58FF9B255C2A1A58BA1217A0 = {isa = PBXBuildFile; fileRef = 4AB60B686F5D0877E3EC2585; };
		CF773310E1663E54AD62F99C = {isa = PBXBuildFile; fileRef = CAAB1435B02DCB2505FFE6FC; };
		8D1D4C6C6AAEAA844D852A6E = {isa = PBXBuildFile; fileRef = 34D4DBA5E4E8F98E766E4296; };
		A4F1F50E8DFB346DECCC5ED7 = {isa = PBXBuildFile; fileRef = 2BFB63784AA550AE98DB11EA; };
		CD010549A24B1AF71453C34A = {isa = PBXBuildFile; fileRef = D5810DCE1A1C134E72FFCD46; };
		B5FF6B1565D1E6431ECD3868 = {isa = PBXBuildFile; fileRef = AF5C867E41AA8B4676909836; };
		2D983B1A39D45C81744EF0F1 = {isa = PBXBuildFile; fileRef = F2270F75D8D4FCB0EF520F97; };
		8D312A65F19060DA64D51F32 = {isa = PBXBuildFile; fileRef = CAB48C9A2D05C7BBB357A7DB; };
		DA7662CCF11DF16672ED19DE = {isa = PBXBuildFile; fileRef = CB0BC1748901255AEA5143B5; };
		D18A6BABBCF28610CD86AB33 = {isa = PBXBuildFile; fileRef = CB6DE11F9E55F3865065E83F; };
		C8BB04419624827A9F269466 = {isa = PBXBuildFile; fileRef = 155831FAC26872A87B57473A; };
		0238489232330C443F36EB50 = {isa = PBXFileReference; lastKnownFileType = sourcecode.cpp.cpp; name = PianoRoll.cpp; path = ../../Source/PianoRoll.cpp; sourceTree = "SOURCE_ROOT"; };
		0498D01EFB67CF6ADBA29818 = {isa = PBXFileReference; lastKnownFileType = file; name = "juce_graphics"; path = "../../../../../../../Library/JUCE/modules/juce_graphics"; sourceTree = "SOURCE_ROOT"; };
		090F29BEE4BDA5E19B9547E4 = {isa = PBXFileReference; lastKnownFileType = wrapper.framework; name = CoreMedia.framework; path = System/Library/Frameworks/CoreMedia.framework; sourceTree = SDKROOT; };
		09EC4510B457C30E7F3D73F7 = {isa = PBXFileReference; lastKnownFileType = file.nib; name = RecentFilesMenuTemplate.nib; path = RecentFilesMenuTemplate.nib; sourceTree = "SOURCE_ROOT"; };
		0CC9A0862275097C91C97FC3 = {isa = PBXFileReference; lastKnownFileType = sourcecode.cpp.cpp; name = "include_juce_audio_plugin_client_utils.cpp"; path = "../../JuceLibraryCode/include_juce_audio_plugin_client_utils.cpp"; sourceTree = "SOURCE_ROOT"; };
		11CD92CF6BE40BA08A0F41F2 = {isa = PBXFileReference; lastKnownFileType = file; name = "juce_gui_extra"; path = "../../../../../../../Library/JUCE/modules/juce_gui_extra"; sourceTree = "SOURCE_ROOT"; };
		144CBF089B1C056D3A6FAC7F = {isa = PBXFileReference; explicitFileType = wrapper.application; includeInIndex = 0; path = PianoRoller3.app; sourceTree = "BUILT_PRODUCTS_DIR"; };
		155831FAC26872A87B57473A = {isa = PBXFileReference; lastKnownFileType = sourcecode.cpp.objcpp; name = "include_juce_video.mm"; path = "../../JuceLibraryCode/include_juce_video.mm"; sourceTree = "SOURCE_ROOT"; };
		215D160210F37C4A33A2E4C1 = {isa = PBXFileReference; lastKnownFileType = file; name = "juce_opengl"; path = "../../../../../../../Library/JUCE/modules/juce_opengl"; sourceTree = "SOURCE_ROOT"; };
		222721758763C010175597A0 = {isa = PBXFileReference; lastKnownFileType = wrapper.framework; name = Cocoa.framework; path = System/Library/Frameworks/Cocoa.framework; sourceTree = SDKROOT; };
		2BA978BCDBB917EF37A56E2B = {isa = PBXFileReference; lastKnownFileType = sourcecode.cpp.cpp; name = PluginProcessor.cpp; path = ../../Source/PluginProcessor.cpp; sourceTree = "SOURCE_ROOT"; };
		2BFB63784AA550AE98DB11EA = {isa = PBXFileReference; lastKnownFileType = sourcecode.cpp.objcpp; name = "include_juce_data_structures.mm"; path = "../../JuceLibraryCode/include_juce_data_structures.mm"; sourceTree = "SOURCE_ROOT"; };
		34D4DBA5E4E8F98E766E4296 = {isa = PBXFileReference; lastKnownFileType = sourcecode.cpp.objcpp; name = "include_juce_cryptography.mm"; path = "../../JuceLibraryCode/include_juce_cryptography.mm"; sourceTree = "SOURCE_ROOT"; };
		35AC81F0F0A20187DFC93A5E = {isa = PBXFileReference; lastKnownFileType = sourcecode.cpp.cpp; name = PluginEditor.cpp; path = ../../Source/PluginEditor.cpp; sourceTree = "SOURCE_ROOT"; };
		37C461EF7AF704116FC8D674 = {isa = PBXFileReference; lastKnownFileType = file; name = "juce_cryptography"; path = "../../../../../../../Library/JUCE/modules/juce_cryptography"; sourceTree = "SOURCE_ROOT"; };
		3934EA5C4D2D05CB7DC0AF32 = {isa = PBXFileReference; lastKnownFileType = file; name = "juce_audio_plugin_client"; path = "../../../../../../../Library/JUCE/modules/juce_audio_plugin_client"; sourceTree = "SOURCE_ROOT"; };
		406665BABE7819DAA6C3BA0B = {isa = PBXFileReference; lastKnownFileType = wrapper.framework; name = AudioToolbox.framework; path = System/Library/Frameworks/AudioToolbox.framework; sourceTree = SDKROOT; };
		43F088C08AA7143B270AC742 = {isa = PBXFileReference; lastKnownFileType = file; name = "juce_audio_utils"; path = "../../../../../../../Library/JUCE/modules/juce_audio_utils"; sourceTree = "SOURCE_ROOT"; };
		49B70251D233E89EF75670A1 = {isa = PBXFileReference; lastKnownFileType = sourcecode.cpp.objcpp; name = "include_juce_audio_basics.mm"; path = "../../JuceLibraryCode/include_juce_audio_basics.mm"; sourceTree = "SOURCE_ROOT"; };
		4AB60B686F5D0877E3EC2585 = {isa = PBXFileReference; lastKnownFileType = sourcecode.cpp.objcpp; name = "include_juce_audio_utils.mm"; path = "../../JuceLibraryCode/include_juce_audio_utils.mm"; sourceTree = "SOURCE_ROOT"; };
		4B410F8246B8F9D30808B51E = {isa = PBXFileReference; lastKnownFileType = file; name = "juce_audio_basics"; path = "../../../../../../../Library/JUCE/modules/juce_audio_basics"; sourceTree = "SOURCE_ROOT"; };
		4EA6536D872DD921D9E59AE4 = {isa = PBXFileReference; lastKnownFileType = file; name = "juce_osc"; path = "../../../../../../../Library/JUCE/modules/juce_osc"; sourceTree = "SOURCE_ROOT"; };
		5EE89953E4E6BB138E757A7B = {isa = PBXFileReference; lastKnownFileType = wrapper.framework; name = AVKit.framework; path = System/Library/Frameworks/AVKit.framework; sourceTree = SDKROOT; };
		66DFA3D107ECB74E16872D22 = {isa = PBXFileReference; lastKnownFileType = sourcecode.c.h; name = JuceHeader.h; path = ../../JuceLibraryCode/JuceHeader.h; sourceTree = "SOURCE_ROOT"; };
		6E906CF2483410FE96D46E1D = {isa = PBXFileReference; lastKnownFileType = wrapper.framework; name = IOKit.framework; path = System/Library/Frameworks/IOKit.framework; sourceTree = SDKROOT; };
		6F0A4B104D5FFD52B633D108 = {isa = PBXFileReference; lastKnownFileType = wrapper.framework; name = CoreAudio.framework; path = System/Library/Frameworks/CoreAudio.framework; sourceTree = SDKROOT; };
		72BC708602B550FF774D6797 = {isa = PBXFileReference; lastKnownFileType = wrapper.framework; name = Carbon.framework; path = System/Library/Frameworks/Carbon.framework; sourceTree = SDKROOT; };
		7865D9B36396E0C38BA57C3C = {isa = PBXFileReference; lastKnownFileType = sourcecode.cpp.objcpp; name = "include_juce_audio_processors.mm"; path = "../../JuceLibraryCode/include_juce_audio_processors.mm"; sourceTree = "SOURCE_ROOT"; };
		7ACB06F8115F0354BE610EC6 = {isa = PBXFileReference; lastKnownFileType = wrapper.framework; name = DiscRecording.framework; path = System/Library/Frameworks/DiscRecording.framework; sourceTree = SDKROOT; };
		7F309691E33349CFA14A8459 = {isa = PBXFileReference; lastKnownFileType = sourcecode.c.h; name = PianoRoll.h; path = ../../Source/PianoRoll.h; sourceTree = "SOURCE_ROOT"; };
		7F7AD37D9AD5277ACF1C92F8 = {isa = PBXFileReference; explicitFileType = archive.ar; includeInIndex = 0; path = libPianoRoller3.a; sourceTree = "BUILT_PRODUCTS_DIR"; };
		8165E49F0FD3ABCB20AC2815 = {isa = PBXFileReference; lastKnownFileType = wrapper.framework; name = CoreMIDI.framework; path = System/Library/Frameworks/CoreMIDI.framework; sourceTree = SDKROOT; };
		83FD65BBC6727C8C3E40F2C5 = {isa = PBXFileReference; lastKnownFileType = file; name = "juce_audio_formats"; path = "../../../../../../../Library/JUCE/modules/juce_audio_formats"; sourceTree = "SOURCE_ROOT"; };
		87526858DBBB1A393B4D1977 = {isa = PBXFileReference; lastKnownFileType = wrapper.framework; name = AVFoundation.framework; path = System/Library/Frameworks/AVFoundation.framework; sourceTree = SDKROOT; };
		9F1B215F43100DBA859FA53A = {isa = PBXFileReference; lastKnownFileType = file; name = "juce_data_structures"; path = "../../../../../../../Library/JUCE/modules/juce_data_structures"; sourceTree = "SOURCE_ROOT"; };
		A19EAD7370BF274499010008 = {isa = PBXFileReference; lastKnownFileType = sourcecode.c.h; name = Setup.h; path = ../../Source/Setup.h; sourceTree = "SOURCE_ROOT"; };
		A73E974346F0C2DDDB5F8DF5 = {isa = PBXFileReference; lastKnownFileType = file; name = "juce_video"; path = "../../../../../../../Library/JUCE/modules/juce_video"; sourceTree = "SOURCE_ROOT"; };
		A825A0F2267825A22838C862 = {isa = PBXFileReference; lastKnownFileType = file; name = "juce_audio_processors"; path = "../../../../../../../Library/JUCE/modules/juce_audio_processors"; sourceTree = "SOURCE_ROOT"; };
		AF5C867E41AA8B4676909836 = {isa = PBXFileReference; lastKnownFileType = sourcecode.cpp.objcpp; name = "include_juce_graphics.mm"; path = "../../JuceLibraryCode/include_juce_graphics.mm"; sourceTree = "SOURCE_ROOT"; };
		BA7B9B4F1895F4D8AA161083 = {isa = PBXFileReference; lastKnownFileType = sourcecode.c.h; name = PluginProcessor.h; path = ../../Source/PluginProcessor.h; sourceTree = "SOURCE_ROOT"; };
		C20320881117A3445AB25639 = {isa = PBXFileReference; lastKnownFileType = sourcecode.c.h; name = VolumePanel.h; path = ../../Source/VolumePanel.h; sourceTree = "SOURCE_ROOT"; };
		C6F8BC16E03AB8C9991CFABD = {isa = PBXFileReference; lastKnownFileType = sourcecode.cpp.cpp; name = "include_juce_audio_plugin_client_Standalone.cpp"; path = "../../JuceLibraryCode/include_juce_audio_plugin_client_Standalone.cpp"; sourceTree = "SOURCE_ROOT"; };
		C86AA5DC17BB293E62F9DB00 = {isa = PBXFileReference; lastKnownFileType = wrapper.framework; name = Accelerate.framework; path = System/Library/Frameworks/Accelerate.framework; sourceTree = SDKROOT; };
		CA3FA65CC24C2C81100F9324 = {isa = PBXFileReference; lastKnownFileType = file; name = "juce_core"; path = "../../../../../../../Library/JUCE/modules/juce_core"; sourceTree = "SOURCE_ROOT"; };
		CA68952B6BFF5800BE2A2A90 = {isa = PBXFileReference; lastKnownFileType = wrapper.framework; name = OpenGL.framework; path = System/Library/Frameworks/OpenGL.framework; sourceTree = SDKROOT; };
		CAAB1435B02DCB2505FFE6FC = {isa = PBXFileReference; lastKnownFileType = sourcecode.cpp.objcpp; name = "include_juce_core.mm"; path = "../../JuceLibraryCode/include_juce_core.mm"; sourceTree = "SOURCE_ROOT"; };
		CAB48C9A2D05C7BBB357A7DB = {isa = PBXFileReference; lastKnownFileType = sourcecode.cpp.objcpp; name = "include_juce_gui_extra.mm"; path = "../../JuceLibraryCode/include_juce_gui_extra.mm"; sourceTree = "SOURCE_ROOT"; };
		CB0BC1748901255AEA5143B5 = {isa = PBXFileReference; lastKnownFileType = sourcecode.cpp.objcpp; name = "include_juce_opengl.mm"; path = "../../JuceLibraryCode/include_juce_opengl.mm"; sourceTree = "SOURCE_ROOT"; };
		CB6DE11F9E55F3865065E83F = {isa = PBXFileReference; lastKnownFileType = sourcecode.cpp.cpp; name = "include_juce_osc.cpp"; path = "../../JuceLibraryCode/include_juce_osc.cpp"; sourceTree = "SOURCE_ROOT"; };
		D1ACAC5A0FDAC2DED68002D5 = {isa = PBXFileReference; lastKnownFileType = wrapper.framework; name = QuartzCore.framework; path = System/Library/Frameworks/QuartzCore.framework; sourceTree = SDKROOT; };
		D1B5C89AE4B3131CB5ABC0E2 = {isa = PBXFileReference; lastKnownFileType = text.plist.xml; name = "Info-Standalone_Plugin.plist"; path = "Info-Standalone_Plugin.plist"; sourceTree = "SOURCE_ROOT"; };
		D45E812E2814CAFC74E7DD26 = {isa = PBXFileReference; lastKnownFileType = sourcecode.cpp.objcpp; name = "include_juce_audio_formats.mm"; path = "../../JuceLibraryCode/include_juce_audio_formats.mm"; sourceTree = "SOURCE_ROOT"; };
		D5810DCE1A1C134E72FFCD46 = {isa = PBXFileReference; lastKnownFileType = sourcecode.cpp.objcpp; name = "include_juce_events.mm"; path = "../../JuceLibraryCode/include_juce_events.mm"; sourceTree = "SOURCE_ROOT"; };
		D6800A10BD8A2F8E38653395 = {isa = PBXFileReference; lastKnownFileType = sourcecode.c.h; name = PluginEditor.h; path = ../../Source/PluginEditor.h; sourceTree = "SOURCE_ROOT"; };
		DAE1FB7B9414E2C4A1B2137B = {isa = PBXFileReference; lastKnownFileType = sourcecode.c.h; name = AppConfig.h; path = ../../JuceLibraryCode/AppConfig.h; sourceTree = "SOURCE_ROOT"; };
		DB3610D9F6B04D7F47377A86 = {isa = PBXFileReference; lastKnownFileType = file; name = "juce_audio_devices"; path = "../../../../../../../Library/JUCE/modules/juce_audio_devices"; sourceTree = "SOURCE_ROOT"; };
		DBA3C1F867F0DDEC5533D320 = {isa = PBXFileReference; lastKnownFileType = sourcecode.cpp.objcpp; name = "include_juce_audio_devices.mm"; path = "../../JuceLibraryCode/include_juce_audio_devices.mm"; sourceTree = "SOURCE_ROOT"; };
		E088EF6CEFBE36E54E7372E6 = {isa = PBXFileReference; lastKnownFileType = file; name = "juce_events"; path = "../../../../../../../Library/JUCE/modules/juce_events"; sourceTree = "SOURCE_ROOT"; };
		E1C6795359944D810470645C = {isa = PBXFileReference; lastKnownFileType = sourcecode.cpp.cpp; name = VolumePanel.cpp; path = ../../Source/VolumePanel.cpp; sourceTree = "SOURCE_ROOT"; };
		E4CAAD6D72A380FC0AE611DF = {isa = PBXFileReference; lastKnownFileType = file; name = "juce_gui_basics"; path = "../../../../../../../Library/JUCE/modules/juce_gui_basics"; sourceTree = "SOURCE_ROOT"; };
		F2270F75D8D4FCB0EF520F97 = {isa = PBXFileReference; lastKnownFileType = sourcecode.cpp.objcpp; name = "include_juce_gui_basics.mm"; path = "../../JuceLibraryCode/include_juce_gui_basics.mm"; sourceTree = "SOURCE_ROOT"; };
		F3E996D5119D0E0A59C98BD4 = {isa = PBXFileReference; lastKnownFileType = wrapper.framework; name = WebKit.framework; path = System/Library/Frameworks/WebKit.framework; sourceTree = SDKROOT; };
		F74115D0C31D670867DF1F24 = {isa = PBXFileReference; lastKnownFileType = sourcecode.cpp.objcpp; name = "include_juce_audio_plugin_client_VST_utils.mm"; path = "../../JuceLibraryCode/include_juce_audio_plugin_client_VST_utils.mm"; sourceTree = "SOURCE_ROOT"; };
		FEC01BD34C40ADA924AA7854 = {isa = PBXFileReference; lastKnownFileType = text.plist.xml; name = PianoRoller3.entitlements; path = PianoRoller3.entitlements; sourceTree = "SOURCE_ROOT"; };
		DBE6B42E5FE5A6F97041C284 = {isa = PBXGroup; children = (
					2BA978BCDBB917EF37A56E2B,
					BA7B9B4F1895F4D8AA161083,
					35AC81F0F0A20187DFC93A5E,
					D6800A10BD8A2F8E38653395,
					0238489232330C443F36EB50,
					7F309691E33349CFA14A8459,
					E1C6795359944D810470645C,
					C20320881117A3445AB25639,
					A19EAD7370BF274499010008, ); name = Source; sourceTree = "<group>"; };
		E8E8519904585DE1B73A33AB = {isa = PBXGroup; children = (
					DBE6B42E5FE5A6F97041C284, ); name = PianoRoller3; sourceTree = "<group>"; };
		0026D4DE951AA14FC66E8FE7 = {isa = PBXGroup; children = (
					4B410F8246B8F9D30808B51E,
					DB3610D9F6B04D7F47377A86,
					83FD65BBC6727C8C3E40F2C5,
					3934EA5C4D2D05CB7DC0AF32,
					A825A0F2267825A22838C862,
					43F088C08AA7143B270AC742,
					CA3FA65CC24C2C81100F9324,
					37C461EF7AF704116FC8D674,
					9F1B215F43100DBA859FA53A,
					E088EF6CEFBE36E54E7372E6,
					0498D01EFB67CF6ADBA29818,
					E4CAAD6D72A380FC0AE611DF,
					11CD92CF6BE40BA08A0F41F2,
					215D160210F37C4A33A2E4C1,
					4EA6536D872DD921D9E59AE4,
					A73E974346F0C2DDDB5F8DF5, ); name = "JUCE Modules"; sourceTree = "<group>"; };
		618803D6C7F5C7F408BAFF09 = {isa = PBXGroup; children = (
					DAE1FB7B9414E2C4A1B2137B,
					49B70251D233E89EF75670A1,
					DBA3C1F867F0DDEC5533D320,
					D45E812E2814CAFC74E7DD26,
					C6F8BC16E03AB8C9991CFABD,
					0CC9A0862275097C91C97FC3,
					F74115D0C31D670867DF1F24,
					7865D9B36396E0C38BA57C3C,
					4AB60B686F5D0877E3EC2585,
					CAAB1435B02DCB2505FFE6FC,
					34D4DBA5E4E8F98E766E4296,
					2BFB63784AA550AE98DB11EA,
					D5810DCE1A1C134E72FFCD46,
					AF5C867E41AA8B4676909836,
					F2270F75D8D4FCB0EF520F97,
					CAB48C9A2D05C7BBB357A7DB,
					CB0BC1748901255AEA5143B5,
					CB6DE11F9E55F3865065E83F,
					155831FAC26872A87B57473A,
					66DFA3D107ECB74E16872D22, ); name = "JUCE Library Code"; sourceTree = "<group>"; };
		403BE9737A93709C30AF2ABA = {isa = PBXGroup; children = (
					D1B5C89AE4B3131CB5ABC0E2,
					09EC4510B457C30E7F3D73F7, ); name = Resources; sourceTree = "<group>"; };
		7A2F841E811AC6983B2C321F = {isa = PBXGroup; children = (
					C86AA5DC17BB293E62F9DB00,
					406665BABE7819DAA6C3BA0B,
					87526858DBBB1A393B4D1977,
					5EE89953E4E6BB138E757A7B,
					72BC708602B550FF774D6797,
					222721758763C010175597A0,
					6F0A4B104D5FFD52B633D108,
					090F29BEE4BDA5E19B9547E4,
					8165E49F0FD3ABCB20AC2815,
					7ACB06F8115F0354BE610EC6,
					6E906CF2483410FE96D46E1D,
					CA68952B6BFF5800BE2A2A90,
					D1ACAC5A0FDAC2DED68002D5,
					F3E996D5119D0E0A59C98BD4, ); name = Frameworks; sourceTree = "<group>"; };
		965D40BAA7BE12BD2C788522 = {isa = PBXGroup; children = (
					144CBF089B1C056D3A6FAC7F,
					7F7AD37D9AD5277ACF1C92F8, ); name = Products; sourceTree = "<group>"; };
		55D504F20A8F38EAD5E3FD87 = {isa = PBXGroup; children = (
					FEC01BD34C40ADA924AA7854,
					E8E8519904585DE1B73A33AB,
					0026D4DE951AA14FC66E8FE7,
					618803D6C7F5C7F408BAFF09,
					403BE9737A93709C30AF2ABA,
					7A2F841E811AC6983B2C321F,
					965D40BAA7BE12BD2C788522, ); name = Source; sourceTree = "<group>"; };
		3069D4D0D33030AD76986E24 = {isa = XCBuildConfiguration; buildSettings = {
				MACOSX_DEPLOYMENT_TARGET = 10.11; }; name = Debug; };
		41E1B2C08FCAA10C90B37586 = {isa = XCBuildConfiguration; buildSettings = {
				MACOSX_DEPLOYMENT_TARGET = 10.11; }; name = Release; };
		5E9276FCDA1D127625710B58 = {isa = XCBuildConfiguration; buildSettings = {
				CLANG_CXX_LANGUAGE_STANDARD = "c++14";
				CLANG_LINK_OBJC_RUNTIME = NO;
				COMBINE_HIDPI_IMAGES = YES;
				CONFIGURATION_BUILD_DIR = "$(PROJECT_DIR)/build/$(CONFIGURATION)";
				COPY_PHASE_STRIP = NO;
				GCC_DYNAMIC_NO_PIC = NO;
				GCC_OPTIMIZATION_LEVEL = 0;
				GCC_PREPROCESSOR_DEFINITIONS = (
					"_DEBUG=1",
					"DEBUG=1",
					"JUCER_XCODE_MAC_F6D2F4CF=1",
					"JUCE_APP_VERSION=1.0.0",
					"JUCE_APP_VERSION_HEX=0x10000",
					"JucePlugin_Build_VST=0",
					"JucePlugin_Build_VST3=0",
					"JucePlugin_Build_AU=0",
					"JucePlugin_Build_AUv3=0",
					"JucePlugin_Build_RTAS=0",
					"JucePlugin_Build_AAX=0",
					"JucePlugin_Build_Standalone=1", );
				GCC_VERSION = com.apple.compilers.llvm.clang.1_0;
				HEADER_SEARCH_PATHS = ("../../JuceLibraryCode", "../../../../../../../Library/JUCE/modules", "../../../../../../../Library/JUCE/modules/juce_audio_plugin_client", "$(inherited)");
				INFOPLIST_FILE = Info-Standalone_Plugin.plist;
				INFOPLIST_PREPROCESS = NO;
				MACOSX_DEPLOYMENT_TARGET = 10.11;
				MACOSX_DEPLOYMENT_TARGET_ppc = 10.4;
				OTHER_LDFLAGS = "-lPianoRoller3";
				PRODUCT_BUNDLE_IDENTIFIER = com.yourcompany.PianoRoller3;
				SDKROOT_ppc = macosx10.5;
				USE_HEADERMAP = NO; }; name = Debug; };
		9030EC483E49C91838B969A4 = {isa = XCBuildConfiguration; buildSettings = {
				CLANG_CXX_LANGUAGE_STANDARD = "c++14";
				CLANG_LINK_OBJC_RUNTIME = NO;
				COMBINE_HIDPI_IMAGES = YES;
				CONFIGURATION_BUILD_DIR = "$(PROJECT_DIR)/build/$(CONFIGURATION)";
				DEAD_CODE_STRIPPING = YES;
				GCC_GENERATE_DEBUGGING_SYMBOLS = NO;
				GCC_OPTIMIZATION_LEVEL = 3;
				GCC_PREPROCESSOR_DEFINITIONS = (
					"_NDEBUG=1",
					"NDEBUG=1",
					"JUCER_XCODE_MAC_F6D2F4CF=1",
					"JUCE_APP_VERSION=1.0.0",
					"JUCE_APP_VERSION_HEX=0x10000",
					"JucePlugin_Build_VST=0",
					"JucePlugin_Build_VST3=0",
					"JucePlugin_Build_AU=0",
					"JucePlugin_Build_AUv3=0",
					"JucePlugin_Build_RTAS=0",
					"JucePlugin_Build_AAX=0",
					"JucePlugin_Build_Standalone=1", );
				GCC_SYMBOLS_PRIVATE_EXTERN = YES;
				GCC_VERSION = com.apple.compilers.llvm.clang.1_0;
				HEADER_SEARCH_PATHS = ("../../JuceLibraryCode", "../../../../../../../Library/JUCE/modules", "../../../../../../../Library/JUCE/modules/juce_audio_plugin_client", "$(inherited)");
				INFOPLIST_FILE = Info-Standalone_Plugin.plist;
				INFOPLIST_PREPROCESS = NO;
				LLVM_LTO = YES;
				MACOSX_DEPLOYMENT_TARGET = 10.11;
				MACOSX_DEPLOYMENT_TARGET_ppc = 10.4;
				OTHER_LDFLAGS = "-lPianoRoller3";
				PRODUCT_BUNDLE_IDENTIFIER = com.yourcompany.PianoRoller3;
				SDKROOT_ppc = macosx10.5;
				USE_HEADERMAP = NO; }; name = Release; };
		EBE1DA6F08917B9D3FC2AE70 = {isa = XCBuildConfiguration; buildSettings = {
				CLANG_CXX_LANGUAGE_STANDARD = "c++14";
				CLANG_LINK_OBJC_RUNTIME = NO;
				COMBINE_HIDPI_IMAGES = YES;
				CONFIGURATION_BUILD_DIR = "$(PROJECT_DIR)/build/$(CONFIGURATION)";
				COPY_PHASE_STRIP = NO;
				GCC_DYNAMIC_NO_PIC = NO;
				GCC_OPTIMIZATION_LEVEL = 0;
				GCC_PREPROCESSOR_DEFINITIONS = (
					"_DEBUG=1",
					"DEBUG=1",
					"JUCER_XCODE_MAC_F6D2F4CF=1",
					"JUCE_APP_VERSION=1.0.0",
					"JUCE_APP_VERSION_HEX=0x10000",
					"JucePlugin_Build_VST=0",
					"JucePlugin_Build_VST3=0",
					"JucePlugin_Build_AU=0",
					"JucePlugin_Build_AUv3=0",
					"JucePlugin_Build_RTAS=0",
					"JucePlugin_Build_AAX=0",
					"JucePlugin_Build_Standalone=1",
					"JUCE_SHARED_CODE=1", );
				GCC_VERSION = com.apple.compilers.llvm.clang.1_0;
				HEADER_SEARCH_PATHS = ("../../JuceLibraryCode", "../../../../../../../Library/JUCE/modules", "../../../../../../../Library/JUCE/modules/juce_audio_plugin_client", "$(inherited)");
				INSTALL_PATH = "@executable_path/../Frameworks";
				MACOSX_DEPLOYMENT_TARGET = 10.11;
				MACOSX_DEPLOYMENT_TARGET_ppc = 10.4;
				PRODUCT_BUNDLE_IDENTIFIER = com.yourcompany.PianoRoller3;
				SDKROOT_ppc = macosx10.5;
				USE_HEADERMAP = NO; }; name = Debug; };
		3D19577AB785159E59F2832B = {isa = XCBuildConfiguration; buildSettings = {
				CLANG_CXX_LANGUAGE_STANDARD = "c++14";
				CLANG_LINK_OBJC_RUNTIME = NO;
				COMBINE_HIDPI_IMAGES = YES;
				CONFIGURATION_BUILD_DIR = "$(PROJECT_DIR)/build/$(CONFIGURATION)";
				DEAD_CODE_STRIPPING = YES;
				GCC_GENERATE_DEBUGGING_SYMBOLS = NO;
				GCC_OPTIMIZATION_LEVEL = 3;
				GCC_PREPROCESSOR_DEFINITIONS = (
					"_NDEBUG=1",
					"NDEBUG=1",
					"JUCER_XCODE_MAC_F6D2F4CF=1",
					"JUCE_APP_VERSION=1.0.0",
					"JUCE_APP_VERSION_HEX=0x10000",
					"JucePlugin_Build_VST=0",
					"JucePlugin_Build_VST3=0",
					"JucePlugin_Build_AU=0",
					"JucePlugin_Build_AUv3=0",
					"JucePlugin_Build_RTAS=0",
					"JucePlugin_Build_AAX=0",
					"JucePlugin_Build_Standalone=1",
					"JUCE_SHARED_CODE=1", );
				GCC_SYMBOLS_PRIVATE_EXTERN = YES;
				GCC_VERSION = com.apple.compilers.llvm.clang.1_0;
				HEADER_SEARCH_PATHS = ("../../JuceLibraryCode", "../../../../../../../Library/JUCE/modules", "../../../../../../../Library/JUCE/modules/juce_audio_plugin_client", "$(inherited)");
				INSTALL_PATH = "@executable_path/../Frameworks";
				LLVM_LTO = YES;
				MACOSX_DEPLOYMENT_TARGET = 10.11;
				MACOSX_DEPLOYMENT_TARGET_ppc = 10.4;
				PRODUCT_BUNDLE_IDENTIFIER = com.yourcompany.PianoRoller3;
				SDKROOT_ppc = macosx10.5;
				USE_HEADERMAP = NO; }; name = Release; };
		245266484512B2B48083B6C2 = {isa = XCBuildConfiguration; buildSettings = {
				ALWAYS_SEARCH_USER_PATHS = NO;
				CLANG_WARN_BLOCK_CAPTURE_AUTORELEASING = YES;
				CLANG_WARN_BOOL_CONVERSION = YES;
				CLANG_WARN_COMMA = YES;
				CLANG_WARN_CONSTANT_CONVERSION = YES;
				CLANG_WARN_EMPTY_BODY = YES;
				CLANG_WARN_ENUM_CONVERSION = YES;
				CLANG_WARN_INFINITE_RECURSION = YES;
				CLANG_WARN_INT_CONVERSION = YES;
				CLANG_WARN_NON_LITERAL_NULL_CONVERSION = YES;
				CLANG_WARN_OBJC_LITERAL_CONVERSION = YES;
				CLANG_WARN_RANGE_LOOP_ANALYSIS = YES;
				CLANG_WARN_STRICT_PROTOTYPES = YES;
				CLANG_WARN_SUSPICIOUS_MOVE = YES;
				CLANG_WARN_UNREACHABLE_CODE = YES;
				CLANG_WARN__DUPLICATE_METHOD_MATCH = YES;
				DEBUG_INFORMATION_FORMAT = "dwarf";
				ENABLE_STRICT_OBJC_MSGSEND = YES;
				ENABLE_TESTABILITY = YES;
				GCC_C_LANGUAGE_STANDARD = c11;
				GCC_INLINES_ARE_PRIVATE_EXTERN = YES;
				GCC_MODEL_TUNING = G5;
				GCC_NO_COMMON_BLOCKS = YES;
				GCC_WARN_64_TO_32_BIT_CONVERSION = YES;
				GCC_WARN_ABOUT_RETURN_TYPE = YES;
				GCC_WARN_CHECK_SWITCH_STATEMENTS = YES;
				GCC_WARN_MISSING_PARENTHESES = YES;
				GCC_WARN_NON_VIRTUAL_DESTRUCTOR = YES;
				GCC_WARN_TYPECHECK_CALLS_TO_PRINTF = YES;
				GCC_WARN_UNDECLARED_SELECTOR = YES;
				GCC_WARN_UNINITIALIZED_AUTOS = YES;
				GCC_WARN_UNUSED_FUNCTION = YES;
				GCC_WARN_UNUSED_VARIABLE = YES;
				ONLY_ACTIVE_ARCH = YES;
				PRODUCT_NAME = "PianoRoller3";
				WARNING_CFLAGS = -Wreorder;
				ZERO_LINK = NO; }; name = Debug; };
		D818630904443623B1142B6E = {isa = XCBuildConfiguration; buildSettings = {
				ALWAYS_SEARCH_USER_PATHS = NO;
				CLANG_WARN_BLOCK_CAPTURE_AUTORELEASING = YES;
				CLANG_WARN_BOOL_CONVERSION = YES;
				CLANG_WARN_COMMA = YES;
				CLANG_WARN_CONSTANT_CONVERSION = YES;
				CLANG_WARN_EMPTY_BODY = YES;
				CLANG_WARN_ENUM_CONVERSION = YES;
				CLANG_WARN_INFINITE_RECURSION = YES;
				CLANG_WARN_INT_CONVERSION = YES;
				CLANG_WARN_NON_LITERAL_NULL_CONVERSION = YES;
				CLANG_WARN_OBJC_LITERAL_CONVERSION = YES;
				CLANG_WARN_RANGE_LOOP_ANALYSIS = YES;
				CLANG_WARN_STRICT_PROTOTYPES = YES;
				CLANG_WARN_SUSPICIOUS_MOVE = YES;
				CLANG_WARN_UNREACHABLE_CODE = YES;
				CLANG_WARN__DUPLICATE_METHOD_MATCH = YES;
				DEBUG_INFORMATION_FORMAT = "dwarf";
				ENABLE_STRICT_OBJC_MSGSEND = YES;
				GCC_C_LANGUAGE_STANDARD = c11;
				GCC_INLINES_ARE_PRIVATE_EXTERN = YES;
				GCC_MODEL_TUNING = G5;
				GCC_NO_COMMON_BLOCKS = YES;
				GCC_WARN_64_TO_32_BIT_CONVERSION = YES;
				GCC_WARN_ABOUT_RETURN_TYPE = YES;
				GCC_WARN_CHECK_SWITCH_STATEMENTS = YES;
				GCC_WARN_MISSING_PARENTHESES = YES;
				GCC_WARN_NON_VIRTUAL_DESTRUCTOR = YES;
				GCC_WARN_TYPECHECK_CALLS_TO_PRINTF = YES;
				GCC_WARN_UNDECLARED_SELECTOR = YES;
				GCC_WARN_UNINITIALIZED_AUTOS = YES;
				GCC_WARN_UNUSED_FUNCTION = YES;
				GCC_WARN_UNUSED_VARIABLE = YES;
				PRODUCT_NAME = "PianoRoller3";
				WARNING_CFLAGS = -Wreorder;
				ZERO_LINK = NO; }; name = Release; };
		219FE2BF83CFEDE34CA503FA = {isa = PBXTargetDependency; target = 6D711EEAFF5C7D8CA46D6226; };
		6B439C1552357F54850E22E3 = {isa = PBXTargetDependency; target = 2C2FE26718D2C35D63A747E4; };
		DBAA930D54BEB0FC51C0092F = {isa = XCConfigurationList; buildConfigurations = (
					245266484512B2B48083B6C2,
					D818630904443623B1142B6E, ); defaultConfigurationIsVisible = 0; defaultConfigurationName = Debug; };
		FDBE67FCBBB90F2B66A9353D = {isa = XCConfigurationList; buildConfigurations = (
					3069D4D0D33030AD76986E24,
					41E1B2C08FCAA10C90B37586, ); defaultConfigurationIsVisible = 0; defaultConfigurationName = Debug; };
		36A8F1D1B3ECDBACC1256750 = {isa = PBXAggregateTarget; buildConfigurationList = FDBE67FCBBB90F2B66A9353D; buildPhases = (  ); buildRules = ( ); dependencies = (
					219FE2BF83CFEDE34CA503FA,
					6B439C1552357F54850E22E3, ); name = "PianoRoller3 - All"; productName = PianoRoller3; };
		0E3F102A2C28388E693B8666 = {isa = XCConfigurationList; buildConfigurations = (
					5E9276FCDA1D127625710B58,
					9030EC483E49C91838B969A4, ); defaultConfigurationIsVisible = 0; defaultConfigurationName = Debug; };
		AB98C9268450D54FE3D94CFA = {isa = PBXResourcesBuildPhase; buildActionMask = 2147483647; files = (
					46C81B011E955C2454620E96, ); runOnlyForDeploymentPostprocessing = 0; };
		567358622CD7F5EE3D60BF3D = {isa = PBXSourcesBuildPhase; buildActionMask = 2147483647; files = (
					AFC94B6F2E39ACBBCA25DEF6, ); runOnlyForDeploymentPostprocessing = 0; };
		A17809CEDD5C74B4CDE0FDF4 = {isa = PBXFrameworksBuildPhase; buildActionMask = 2147483647; files = (
					9BB829234CB1CC5979F3A7C9,
					16490751197138115D721095,
					0DB9963017DB90F745E87D62,
					EF03E2671BCD7DA3039C0FE4,
					3B2E8D89D80EC5FE1EAC8EB5,
					515105A171BCCA6E1001C590,
					86EB2673EA4FF9385FA84387,
					3EE1A80A629AAE2361D0CECF,
					65F4D044A9EF5E86F65169BC,
					B1D13B2650E005A4977A02A1,
					8ACB12959432C487DC2A9888,
					9990F25B8530D2AE248CA62A,
					AF4BCFEF5C8CFDC54743BEA2,
					0F40FFAF199CF5F8F3DCD448, ); runOnlyForDeploymentPostprocessing = 0; };
		6D711EEAFF5C7D8CA46D6226 = {isa = PBXNativeTarget; buildConfigurationList = 0E3F102A2C28388E693B8666; buildPhases = (
					AB98C9268450D54FE3D94CFA,
					567358622CD7F5EE3D60BF3D,
					A17809CEDD5C74B4CDE0FDF4, ); buildRules = ( ); dependencies = (
					6B439C1552357F54850E22E3, ); name = "PianoRoller3 - Standalone Plugin"; productName = PianoRoller3; productReference = 144CBF089B1C056D3A6FAC7F; productType = "com.apple.product-type.application"; };
		AEBE1B1F015DAF0C1C46E520 = {isa = XCConfigurationList; buildConfigurations = (
					EBE1DA6F08917B9D3FC2AE70,
					3D19577AB785159E59F2832B, ); defaultConfigurationIsVisible = 0; defaultConfigurationName = Debug; };
		974972136FB658BB4EDD4B19 = {isa = PBXSourcesBuildPhase; buildActionMask = 2147483647; files = (
					CF8154290F9910F98D46139F,
					1017EAE4496B00D9487A5DE3,
					9F4D4B1E9905B390F27B2FDB,
					2FA8F25D1E140E74B4A15893,
					172DC0F5F6ADF002A3E8856C,
					7EB4C0B28D40B837821691AC,
					D04545B83B9878457C4B856D,
					8CE0FA2003493B5D22A570EC,
					9940FA6150A78C8F3BB66923,
					0D8D7A34B7CF9312045D2703,
					58FF9B255C2A1A58BA1217A0,
					CF773310E1663E54AD62F99C,
					8D1D4C6C6AAEAA844D852A6E,
					A4F1F50E8DFB346DECCC5ED7,
					CD010549A24B1AF71453C34A,
					B5FF6B1565D1E6431ECD3868,
					2D983B1A39D45C81744EF0F1,
					8D312A65F19060DA64D51F32,
					DA7662CCF11DF16672ED19DE,
					D18A6BABBCF28610CD86AB33,
					C8BB04419624827A9F269466, ); runOnlyForDeploymentPostprocessing = 0; };
		2C2FE26718D2C35D63A747E4 = {isa = PBXNativeTarget; buildConfigurationList = AEBE1B1F015DAF0C1C46E520; buildPhases = (
					974972136FB658BB4EDD4B19, ); buildRules = ( ); dependencies = (  ); name = "PianoRoller3 - Shared Code"; productName = PianoRoller3; productReference = 7F7AD37D9AD5277ACF1C92F8; productType = "com.apple.product-type.library.static"; };
		1FB81D39BC9622D30F52D49E = {isa = PBXProject; buildConfigurationList = DBAA930D54BEB0FC51C0092F; attributes = { LastUpgradeCheck = 0830; ORGANIZATIONNAME = ""; TargetAttributes = { 36A8F1D1B3ECDBACC1256750 = { SystemCapabilities = {com.apple.ApplicationGroups.iOS = { enabled = 0; }; com.apple.InAppPurchase = { enabled = 0; }; com.apple.InterAppAudio = { enabled = 0; }; com.apple.Push = { enabled = 0; }; com.apple.Sandbox = { enabled = 0; }; }; };6D711EEAFF5C7D8CA46D6226 = { SystemCapabilities = {com.apple.ApplicationGroups.iOS = { enabled = 0; }; com.apple.InAppPurchase = { enabled = 0; }; com.apple.InterAppAudio = { enabled = 0; }; com.apple.Push = { enabled = 0; }; com.apple.Sandbox = { enabled = 0; }; }; };2C2FE26718D2C35D63A747E4 = { SystemCapabilities = {com.apple.ApplicationGroups.iOS = { enabled = 0; }; com.apple.InAppPurchase = { enabled = 0; }; com.apple.InterAppAudio = { enabled = 0; }; com.apple.Push = { enabled = 0; }; com.apple.Sandbox = { enabled = 0; }; }; }; }; }; compatibilityVersion = "Xcode 3.2"; hasScannedForEncodings = 0; mainGroup = 55D504F20A8F38EAD5E3FD87; projectDirPath = ""; projectRoot = ""; targets = (36A8F1D1B3ECDBACC1256750, 6D711EEAFF5C7D8CA46D6226, 2C2FE26718D2C35D63A747E4); };
	};
	rootObject = 1FB81D39BC9622D30F52D49E;
}
